// !$*UTF8*$!
{
	archiveVersion = 1;
	classes = {
	};
	objectVersion = 55;
	objects = {

/* Begin PBXBuildFile section */
		B9BC7A2C2838A0310049A441 /* UIImageView+ImageLoader.swift in Sources */ = {isa = PBXBuildFile; fileRef = B9BC7A2B2838A0310049A441 /* UIImageView+ImageLoader.swift */; };
		B9BC7A2F2838A05E0049A441 /* SDWebImage in Frameworks */ = {isa = PBXBuildFile; productRef = B9BC7A2E2838A05E0049A441 /* SDWebImage */; };
		B9BC7A322838A8180049A441 /* MCharacterDetailViewController.swift in Sources */ = {isa = PBXBuildFile; fileRef = B9BC7A312838A8180049A441 /* MCharacterDetailViewController.swift */; };
		B9BC7A392838A8C50049A441 /* DefaultMCharacterDetailViewModel.swift in Sources */ = {isa = PBXBuildFile; fileRef = B9BC7A382838A8C50049A441 /* DefaultMCharacterDetailViewModel.swift */; };
		B9BC7A3B2838A9350049A441 /* MCharacterDetailCoordinator.swift in Sources */ = {isa = PBXBuildFile; fileRef = B9BC7A3A2838A9350049A441 /* MCharacterDetailCoordinator.swift */; };
		B9BC7A41283967910049A441 /* MCharacterDetailSection.swift in Sources */ = {isa = PBXBuildFile; fileRef = B9BC7A40283967910049A441 /* MCharacterDetailSection.swift */; };
		B9BC7A4828396BF90049A441 /* MHeroComicCollectionViewCell.swift in Sources */ = {isa = PBXBuildFile; fileRef = B9BC7A4628396BF90049A441 /* MHeroComicCollectionViewCell.swift */; };
		B9BC7A4928396BF90049A441 /* MHeroComicCollectionViewCell.xib in Resources */ = {isa = PBXBuildFile; fileRef = B9BC7A4728396BF90049A441 /* MHeroComicCollectionViewCell.xib */; };
		B9BC7A5228397CEF0049A441 /* MHeroDescriptionWithImageCollectionViewCell.swift in Sources */ = {isa = PBXBuildFile; fileRef = B9BC7A5028397CEF0049A441 /* MHeroDescriptionWithImageCollectionViewCell.swift */; };
		B9BC7A5328397CEF0049A441 /* MHeroDescriptionWithImageCollectionViewCell.xib in Resources */ = {isa = PBXBuildFile; fileRef = B9BC7A5128397CEF0049A441 /* MHeroDescriptionWithImageCollectionViewCell.xib */; };
		B9BC7A56283998890049A441 /* MHeroComicHeaderCollectionReusableView.swift in Sources */ = {isa = PBXBuildFile; fileRef = B9BC7A54283998890049A441 /* MHeroComicHeaderCollectionReusableView.swift */; };
		B9BC7A57283998890049A441 /* MHeroComicHeaderCollectionReusableView.xib in Resources */ = {isa = PBXBuildFile; fileRef = B9BC7A55283998890049A441 /* MHeroComicHeaderCollectionReusableView.xib */; };
		B9BC7A5B2839AB920049A441 /* Utils.swift in Sources */ = {isa = PBXBuildFile; fileRef = B9BC7A5A2839AB920049A441 /* Utils.swift */; };
		B9BC7A5E2839B4D80049A441 /* MarvelComicModel.swift in Sources */ = {isa = PBXBuildFile; fileRef = B9BC7A5D2839B4D80049A441 /* MarvelComicModel.swift */; };
		B9D7C15D2836F201009EC0E8 /* NibView.swift in Sources */ = {isa = PBXBuildFile; fileRef = B9D7C15C2836F201009EC0E8 /* NibView.swift */; };
		B9D7C15F283702EE009EC0E8 /* AppAppearance.swift in Sources */ = {isa = PBXBuildFile; fileRef = B9D7C15E283702EE009EC0E8 /* AppAppearance.swift */; };
		B9D7C163283704B7009EC0E8 /* LoaderView.xib in Resources */ = {isa = PBXBuildFile; fileRef = B9D7C161283704B7009EC0E8 /* LoaderView.xib */; };
		B9D7C164283704B7009EC0E8 /* LoaderView.swift in Sources */ = {isa = PBXBuildFile; fileRef = B9D7C162283704B7009EC0E8 /* LoaderView.swift */; };
		B9D7C16B28370607009EC0E8 /* HeoresCollectionViewCell.swift in Sources */ = {isa = PBXBuildFile; fileRef = B9D7C16928370606009EC0E8 /* HeoresCollectionViewCell.swift */; };
		B9D7C16C28370607009EC0E8 /* HeoresCollectionViewCell.xib in Resources */ = {isa = PBXBuildFile; fileRef = B9D7C16A28370607009EC0E8 /* HeoresCollectionViewCell.xib */; };
		B9E653022836C81100AD1819 /* UIView+NibRepresentable.swift in Sources */ = {isa = PBXBuildFile; fileRef = B9E652FE2836C81100AD1819 /* UIView+NibRepresentable.swift */; };
		B9E653032836C81100AD1819 /* UIView+NibView.swift in Sources */ = {isa = PBXBuildFile; fileRef = B9E652FF2836C81100AD1819 /* UIView+NibView.swift */; };
		B9E653042836C81100AD1819 /* extension.swift in Sources */ = {isa = PBXBuildFile; fileRef = B9E653002836C81100AD1819 /* extension.swift */; };
		B9E653052836C81100AD1819 /* UITableView+Extension.swift in Sources */ = {isa = PBXBuildFile; fileRef = B9E653012836C81100AD1819 /* UITableView+Extension.swift */; };
		B9E653112836C8B300AD1819 /* SchedulerContext.swift in Sources */ = {isa = PBXBuildFile; fileRef = B9E653102836C8B300AD1819 /* SchedulerContext.swift */; };
		B9FDC0C42837E9080005D451 /* APIService+URL.swift in Sources */ = {isa = PBXBuildFile; fileRef = B9FDC0BE2837E9080005D451 /* APIService+URL.swift */; };
		B9FDC0C52837E9080005D451 /* APIMarvelService.swift in Sources */ = {isa = PBXBuildFile; fileRef = B9FDC0BF2837E9080005D451 /* APIMarvelService.swift */; };
		B9FDC0C62837E9080005D451 /* BaseModel+Helper.swift in Sources */ = {isa = PBXBuildFile; fileRef = B9FDC0C12837E9080005D451 /* BaseModel+Helper.swift */; };
		B9FDC0C72837E9080005D451 /* BaseModel.swift in Sources */ = {isa = PBXBuildFile; fileRef = B9FDC0C22837E9080005D451 /* BaseModel.swift */; };
		B9FDC0C82837E9080005D451 /* APIService+Helper.swift in Sources */ = {isa = PBXBuildFile; fileRef = B9FDC0C32837E9080005D451 /* APIService+Helper.swift */; };
		B9FDC0CB2837EC4A0005D451 /* Alamofire in Frameworks */ = {isa = PBXBuildFile; productRef = B9FDC0CA2837EC4A0005D451 /* Alamofire */; };
		B9FDC0CD28382AE80005D451 /* MarvelServiceUtil.swift in Sources */ = {isa = PBXBuildFile; fileRef = B9FDC0CC28382AE80005D451 /* MarvelServiceUtil.swift */; };
		B9FDC0D028382C890005D451 /* MarvelPlist.plist in Resources */ = {isa = PBXBuildFile; fileRef = B9FDC0CF28382C890005D451 /* MarvelPlist.plist */; };
		B9FDE9D32835C4CD00767B66 /* AppDelegate.swift in Sources */ = {isa = PBXBuildFile; fileRef = B9FDE9D22835C4CD00767B66 /* AppDelegate.swift */; };
		B9FDE9D52835C4CD00767B66 /* SceneDelegate.swift in Sources */ = {isa = PBXBuildFile; fileRef = B9FDE9D42835C4CD00767B66 /* SceneDelegate.swift */; };
		B9FDE9DA2835C4CD00767B66 /* Main.storyboard in Resources */ = {isa = PBXBuildFile; fileRef = B9FDE9D82835C4CD00767B66 /* Main.storyboard */; };
		B9FDE9DC2835C4CE00767B66 /* Assets.xcassets in Resources */ = {isa = PBXBuildFile; fileRef = B9FDE9DB2835C4CE00767B66 /* Assets.xcassets */; };
		B9FDE9DF2835C4CE00767B66 /* LaunchScreen.storyboard in Resources */ = {isa = PBXBuildFile; fileRef = B9FDE9DD2835C4CE00767B66 /* LaunchScreen.storyboard */; };
		B9FDE9EA2835C4CE00767B66 /* MarvelComicsTests.swift in Sources */ = {isa = PBXBuildFile; fileRef = B9FDE9E92835C4CE00767B66 /* MarvelComicsTests.swift */; };
		B9FDE9F42835C4CE00767B66 /* MarvelComicsUITests.swift in Sources */ = {isa = PBXBuildFile; fileRef = B9FDE9F32835C4CE00767B66 /* MarvelComicsUITests.swift */; };
		B9FDE9F62835C4CE00767B66 /* MarvelComicsUITestsLaunchTests.swift in Sources */ = {isa = PBXBuildFile; fileRef = B9FDE9F52835C4CE00767B66 /* MarvelComicsUITestsLaunchTests.swift */; };
		B9FDEA122835C51500767B66 /* HomeViewModel.swift in Sources */ = {isa = PBXBuildFile; fileRef = B9FDEA052835C51500767B66 /* HomeViewModel.swift */; };
		B9FDEA132835C51500767B66 /* HomeViewCoordinator.swift in Sources */ = {isa = PBXBuildFile; fileRef = B9FDEA072835C51500767B66 /* HomeViewCoordinator.swift */; };
		B9FDEA142835C51500767B66 /* HomeViewController.swift in Sources */ = {isa = PBXBuildFile; fileRef = B9FDEA092835C51500767B66 /* HomeViewController.swift */; };
		B9FDEA162835C51500767B66 /* MarvelModel.swift in Sources */ = {isa = PBXBuildFile; fileRef = B9FDEA0E2835C51500767B66 /* MarvelModel.swift */; };
		B9FDEA172835C51500767B66 /* Coordinator.swift in Sources */ = {isa = PBXBuildFile; fileRef = B9FDEA112835C51500767B66 /* Coordinator.swift */; };
		B9FDEA3B2836A74400767B66 /* LoadingCollectionCell.xib in Resources */ = {isa = PBXBuildFile; fileRef = B9FDEA362836A74400767B66 /* LoadingCollectionCell.xib */; };
		B9FDEA3C2836A74400767B66 /* LoadingItem.swift in Sources */ = {isa = PBXBuildFile; fileRef = B9FDEA372836A74400767B66 /* LoadingItem.swift */; };
		B9FDEA3D2836A74400767B66 /* LoadingCollectionCell.swift in Sources */ = {isa = PBXBuildFile; fileRef = B9FDEA382836A74400767B66 /* LoadingCollectionCell.swift */; };
		B9FDEA3E2836A74400767B66 /* SectionLayoutProvider.swift in Sources */ = {isa = PBXBuildFile; fileRef = B9FDEA392836A74400767B66 /* SectionLayoutProvider.swift */; };
		B9FDEA3F2836A74400767B66 /* DiffableDatasource.swift in Sources */ = {isa = PBXBuildFile; fileRef = B9FDEA3A2836A74400767B66 /* DiffableDatasource.swift */; };
		B9FDEA412836A79A00767B66 /* HomeSection.swift in Sources */ = {isa = PBXBuildFile; fileRef = B9FDEA402836A79A00767B66 /* HomeSection.swift */; };
/* End PBXBuildFile section */

/* Begin PBXContainerItemProxy section */
		B9FDE9E62835C4CE00767B66 /* PBXContainerItemProxy */ = {
			isa = PBXContainerItemProxy;
			containerPortal = B9FDE9C72835C4CD00767B66 /* Project object */;
			proxyType = 1;
			remoteGlobalIDString = B9FDE9CE2835C4CD00767B66;
			remoteInfo = MarvelComics;
		};
		B9FDE9F02835C4CE00767B66 /* PBXContainerItemProxy */ = {
			isa = PBXContainerItemProxy;
			containerPortal = B9FDE9C72835C4CD00767B66 /* Project object */;
			proxyType = 1;
			remoteGlobalIDString = B9FDE9CE2835C4CD00767B66;
			remoteInfo = MarvelComics;
		};
/* End PBXContainerItemProxy section */

/* Begin PBXFileReference section */
		B9BC7A2B2838A0310049A441 /* UIImageView+ImageLoader.swift */ = {isa = PBXFileReference; fileEncoding = 4; lastKnownFileType = sourcecode.swift; path = "UIImageView+ImageLoader.swift"; sourceTree = "<group>"; };
		B9BC7A312838A8180049A441 /* MCharacterDetailViewController.swift */ = {isa = PBXFileReference; lastKnownFileType = sourcecode.swift; path = MCharacterDetailViewController.swift; sourceTree = "<group>"; };
		B9BC7A382838A8C50049A441 /* DefaultMCharacterDetailViewModel.swift */ = {isa = PBXFileReference; lastKnownFileType = sourcecode.swift; path = DefaultMCharacterDetailViewModel.swift; sourceTree = "<group>"; };
		B9BC7A3A2838A9350049A441 /* MCharacterDetailCoordinator.swift */ = {isa = PBXFileReference; lastKnownFileType = sourcecode.swift; path = MCharacterDetailCoordinator.swift; sourceTree = "<group>"; };
		B9BC7A40283967910049A441 /* MCharacterDetailSection.swift */ = {isa = PBXFileReference; lastKnownFileType = sourcecode.swift; path = MCharacterDetailSection.swift; sourceTree = "<group>"; };
		B9BC7A4628396BF90049A441 /* MHeroComicCollectionViewCell.swift */ = {isa = PBXFileReference; lastKnownFileType = sourcecode.swift; path = MHeroComicCollectionViewCell.swift; sourceTree = "<group>"; };
		B9BC7A4728396BF90049A441 /* MHeroComicCollectionViewCell.xib */ = {isa = PBXFileReference; lastKnownFileType = file.xib; path = MHeroComicCollectionViewCell.xib; sourceTree = "<group>"; };
		B9BC7A5028397CEF0049A441 /* MHeroDescriptionWithImageCollectionViewCell.swift */ = {isa = PBXFileReference; lastKnownFileType = sourcecode.swift; path = MHeroDescriptionWithImageCollectionViewCell.swift; sourceTree = "<group>"; };
		B9BC7A5128397CEF0049A441 /* MHeroDescriptionWithImageCollectionViewCell.xib */ = {isa = PBXFileReference; lastKnownFileType = file.xib; path = MHeroDescriptionWithImageCollectionViewCell.xib; sourceTree = "<group>"; };
		B9BC7A54283998890049A441 /* MHeroComicHeaderCollectionReusableView.swift */ = {isa = PBXFileReference; lastKnownFileType = sourcecode.swift; path = MHeroComicHeaderCollectionReusableView.swift; sourceTree = "<group>"; };
		B9BC7A55283998890049A441 /* MHeroComicHeaderCollectionReusableView.xib */ = {isa = PBXFileReference; lastKnownFileType = file.xib; path = MHeroComicHeaderCollectionReusableView.xib; sourceTree = "<group>"; };
		B9BC7A5A2839AB920049A441 /* Utils.swift */ = {isa = PBXFileReference; lastKnownFileType = sourcecode.swift; path = Utils.swift; sourceTree = "<group>"; };
		B9BC7A5D2839B4D80049A441 /* MarvelComicModel.swift */ = {isa = PBXFileReference; lastKnownFileType = sourcecode.swift; path = MarvelComicModel.swift; sourceTree = "<group>"; };
		B9D7C15C2836F201009EC0E8 /* NibView.swift */ = {isa = PBXFileReference; fileEncoding = 4; lastKnownFileType = sourcecode.swift; name = NibView.swift; path = ../Common/Base/NibView.swift; sourceTree = "<group>"; };
		B9D7C15E283702EE009EC0E8 /* AppAppearance.swift */ = {isa = PBXFileReference; lastKnownFileType = sourcecode.swift; path = AppAppearance.swift; sourceTree = "<group>"; };
		B9D7C161283704B7009EC0E8 /* LoaderView.xib */ = {isa = PBXFileReference; fileEncoding = 4; lastKnownFileType = file.xib; path = LoaderView.xib; sourceTree = "<group>"; };
		B9D7C162283704B7009EC0E8 /* LoaderView.swift */ = {isa = PBXFileReference; fileEncoding = 4; lastKnownFileType = sourcecode.swift; path = LoaderView.swift; sourceTree = "<group>"; };
		B9D7C16928370606009EC0E8 /* HeoresCollectionViewCell.swift */ = {isa = PBXFileReference; fileEncoding = 4; lastKnownFileType = sourcecode.swift; path = HeoresCollectionViewCell.swift; sourceTree = "<group>"; };
		B9D7C16A28370607009EC0E8 /* HeoresCollectionViewCell.xib */ = {isa = PBXFileReference; fileEncoding = 4; lastKnownFileType = file.xib; path = HeoresCollectionViewCell.xib; sourceTree = "<group>"; };
		B9E652FE2836C81100AD1819 /* UIView+NibRepresentable.swift */ = {isa = PBXFileReference; fileEncoding = 4; lastKnownFileType = sourcecode.swift; path = "UIView+NibRepresentable.swift"; sourceTree = "<group>"; };
		B9E652FF2836C81100AD1819 /* UIView+NibView.swift */ = {isa = PBXFileReference; fileEncoding = 4; lastKnownFileType = sourcecode.swift; path = "UIView+NibView.swift"; sourceTree = "<group>"; };
		B9E653002836C81100AD1819 /* extension.swift */ = {isa = PBXFileReference; fileEncoding = 4; lastKnownFileType = sourcecode.swift; path = extension.swift; sourceTree = "<group>"; };
		B9E653012836C81100AD1819 /* UITableView+Extension.swift */ = {isa = PBXFileReference; fileEncoding = 4; lastKnownFileType = sourcecode.swift; path = "UITableView+Extension.swift"; sourceTree = "<group>"; };
		B9E653102836C8B300AD1819 /* SchedulerContext.swift */ = {isa = PBXFileReference; fileEncoding = 4; lastKnownFileType = sourcecode.swift; path = SchedulerContext.swift; sourceTree = "<group>"; };
		B9FDC0BE2837E9080005D451 /* APIService+URL.swift */ = {isa = PBXFileReference; fileEncoding = 4; lastKnownFileType = sourcecode.swift; path = "APIService+URL.swift"; sourceTree = "<group>"; };
		B9FDC0BF2837E9080005D451 /* APIMarvelService.swift */ = {isa = PBXFileReference; fileEncoding = 4; lastKnownFileType = sourcecode.swift; path = APIMarvelService.swift; sourceTree = "<group>"; };
		B9FDC0C12837E9080005D451 /* BaseModel+Helper.swift */ = {isa = PBXFileReference; fileEncoding = 4; lastKnownFileType = sourcecode.swift; path = "BaseModel+Helper.swift"; sourceTree = "<group>"; };
		B9FDC0C22837E9080005D451 /* BaseModel.swift */ = {isa = PBXFileReference; fileEncoding = 4; lastKnownFileType = sourcecode.swift; path = BaseModel.swift; sourceTree = "<group>"; };
		B9FDC0C32837E9080005D451 /* APIService+Helper.swift */ = {isa = PBXFileReference; fileEncoding = 4; lastKnownFileType = sourcecode.swift; path = "APIService+Helper.swift"; sourceTree = "<group>"; };
		B9FDC0CC28382AE80005D451 /* MarvelServiceUtil.swift */ = {isa = PBXFileReference; lastKnownFileType = sourcecode.swift; path = MarvelServiceUtil.swift; sourceTree = "<group>"; };
		B9FDC0CF28382C890005D451 /* MarvelPlist.plist */ = {isa = PBXFileReference; fileEncoding = 4; lastKnownFileType = text.plist.xml; path = MarvelPlist.plist; sourceTree = "<group>"; };
		B9FDE9CF2835C4CD00767B66 /* MarvelComics.app */ = {isa = PBXFileReference; explicitFileType = wrapper.application; includeInIndex = 0; path = MarvelComics.app; sourceTree = BUILT_PRODUCTS_DIR; };
		B9FDE9D22835C4CD00767B66 /* AppDelegate.swift */ = {isa = PBXFileReference; lastKnownFileType = sourcecode.swift; path = AppDelegate.swift; sourceTree = "<group>"; };
		B9FDE9D42835C4CD00767B66 /* SceneDelegate.swift */ = {isa = PBXFileReference; lastKnownFileType = sourcecode.swift; path = SceneDelegate.swift; sourceTree = "<group>"; };
		B9FDE9D92835C4CD00767B66 /* Base */ = {isa = PBXFileReference; lastKnownFileType = file.storyboard; name = Base; path = Base.lproj/Main.storyboard; sourceTree = "<group>"; };
		B9FDE9DB2835C4CE00767B66 /* Assets.xcassets */ = {isa = PBXFileReference; lastKnownFileType = folder.assetcatalog; path = Assets.xcassets; sourceTree = "<group>"; };
		B9FDE9DE2835C4CE00767B66 /* Base */ = {isa = PBXFileReference; lastKnownFileType = file.storyboard; name = Base; path = Base.lproj/LaunchScreen.storyboard; sourceTree = "<group>"; };
		B9FDE9E02835C4CE00767B66 /* Info.plist */ = {isa = PBXFileReference; lastKnownFileType = text.plist.xml; path = Info.plist; sourceTree = "<group>"; };
		B9FDE9E52835C4CE00767B66 /* MarvelComicsTests.xctest */ = {isa = PBXFileReference; explicitFileType = wrapper.cfbundle; includeInIndex = 0; path = MarvelComicsTests.xctest; sourceTree = BUILT_PRODUCTS_DIR; };
		B9FDE9E92835C4CE00767B66 /* MarvelComicsTests.swift */ = {isa = PBXFileReference; lastKnownFileType = sourcecode.swift; path = MarvelComicsTests.swift; sourceTree = "<group>"; };
		B9FDE9EF2835C4CE00767B66 /* MarvelComicsUITests.xctest */ = {isa = PBXFileReference; explicitFileType = wrapper.cfbundle; includeInIndex = 0; path = MarvelComicsUITests.xctest; sourceTree = BUILT_PRODUCTS_DIR; };
		B9FDE9F32835C4CE00767B66 /* MarvelComicsUITests.swift */ = {isa = PBXFileReference; lastKnownFileType = sourcecode.swift; path = MarvelComicsUITests.swift; sourceTree = "<group>"; };
		B9FDE9F52835C4CE00767B66 /* MarvelComicsUITestsLaunchTests.swift */ = {isa = PBXFileReference; lastKnownFileType = sourcecode.swift; path = MarvelComicsUITestsLaunchTests.swift; sourceTree = "<group>"; };
		B9FDEA052835C51500767B66 /* HomeViewModel.swift */ = {isa = PBXFileReference; fileEncoding = 4; lastKnownFileType = sourcecode.swift; path = HomeViewModel.swift; sourceTree = "<group>"; };
		B9FDEA072835C51500767B66 /* HomeViewCoordinator.swift */ = {isa = PBXFileReference; fileEncoding = 4; lastKnownFileType = sourcecode.swift; path = HomeViewCoordinator.swift; sourceTree = "<group>"; };
		B9FDEA092835C51500767B66 /* HomeViewController.swift */ = {isa = PBXFileReference; fileEncoding = 4; lastKnownFileType = sourcecode.swift; path = HomeViewController.swift; sourceTree = "<group>"; };
		B9FDEA0E2835C51500767B66 /* MarvelModel.swift */ = {isa = PBXFileReference; fileEncoding = 4; lastKnownFileType = sourcecode.swift; path = MarvelModel.swift; sourceTree = "<group>"; };
		B9FDEA112835C51500767B66 /* Coordinator.swift */ = {isa = PBXFileReference; fileEncoding = 4; lastKnownFileType = sourcecode.swift; path = Coordinator.swift; sourceTree = "<group>"; };
		B9FDEA362836A74400767B66 /* LoadingCollectionCell.xib */ = {isa = PBXFileReference; fileEncoding = 4; lastKnownFileType = file.xib; path = LoadingCollectionCell.xib; sourceTree = "<group>"; };
		B9FDEA372836A74400767B66 /* LoadingItem.swift */ = {isa = PBXFileReference; fileEncoding = 4; lastKnownFileType = sourcecode.swift; path = LoadingItem.swift; sourceTree = "<group>"; };
		B9FDEA382836A74400767B66 /* LoadingCollectionCell.swift */ = {isa = PBXFileReference; fileEncoding = 4; lastKnownFileType = sourcecode.swift; path = LoadingCollectionCell.swift; sourceTree = "<group>"; };
		B9FDEA392836A74400767B66 /* SectionLayoutProvider.swift */ = {isa = PBXFileReference; fileEncoding = 4; lastKnownFileType = sourcecode.swift; path = SectionLayoutProvider.swift; sourceTree = "<group>"; };
		B9FDEA3A2836A74400767B66 /* DiffableDatasource.swift */ = {isa = PBXFileReference; fileEncoding = 4; lastKnownFileType = sourcecode.swift; path = DiffableDatasource.swift; sourceTree = "<group>"; };
		B9FDEA402836A79A00767B66 /* HomeSection.swift */ = {isa = PBXFileReference; lastKnownFileType = sourcecode.swift; path = HomeSection.swift; sourceTree = "<group>"; };
/* End PBXFileReference section */

/* Begin PBXFrameworksBuildPhase section */
		B9FDE9CC2835C4CD00767B66 /* Frameworks */ = {
			isa = PBXFrameworksBuildPhase;
			buildActionMask = 2147483647;
			files = (
				B9BC7A2F2838A05E0049A441 /* SDWebImage in Frameworks */,
				B9FDC0CB2837EC4A0005D451 /* Alamofire in Frameworks */,
			);
			runOnlyForDeploymentPostprocessing = 0;
		};
		B9FDE9E22835C4CE00767B66 /* Frameworks */ = {
			isa = PBXFrameworksBuildPhase;
			buildActionMask = 2147483647;
			files = (
			);
			runOnlyForDeploymentPostprocessing = 0;
		};
		B9FDE9EC2835C4CE00767B66 /* Frameworks */ = {
			isa = PBXFrameworksBuildPhase;
			buildActionMask = 2147483647;
			files = (
			);
			runOnlyForDeploymentPostprocessing = 0;
		};
/* End PBXFrameworksBuildPhase section */

/* Begin PBXGroup section */
		B9BC7A2A2838A0310049A441 /* UIImageView+ImageLoader.swift */ = {
			isa = PBXGroup;
			children = (
				B9BC7A2B2838A0310049A441 /* UIImageView+ImageLoader.swift */,
			);
			path = "UIImageView+ImageLoader.swift";
			sourceTree = "<group>";
		};
		B9BC7A302838A7EC0049A441 /* Detail */ = {
			isa = PBXGroup;
			children = (
				B9BC7A372838A88E0049A441 /* Coordinator */,
				B9BC7A362838A8870049A441 /* ViewModel */,
				B9BC7A352838A8650049A441 /* View */,
			);
			path = Detail;
			sourceTree = "<group>";
		};
		B9BC7A352838A8650049A441 /* View */ = {
			isa = PBXGroup;
			children = (
				B9BC7A312838A8180049A441 /* MCharacterDetailViewController.swift */,
				B9BC7A40283967910049A441 /* MCharacterDetailSection.swift */,
			);
			path = View;
			sourceTree = "<group>";
		};
		B9BC7A362838A8870049A441 /* ViewModel */ = {
			isa = PBXGroup;
			children = (
				B9BC7A382838A8C50049A441 /* DefaultMCharacterDetailViewModel.swift */,
			);
			path = ViewModel;
			sourceTree = "<group>";
		};
		B9BC7A372838A88E0049A441 /* Coordinator */ = {
			isa = PBXGroup;
			children = (
				B9BC7A3A2838A9350049A441 /* MCharacterDetailCoordinator.swift */,
			);
			path = Coordinator;
			sourceTree = "<group>";
		};
		B9BC7A4328396BBF0049A441 /* MarvelHeroes */ = {
			isa = PBXGroup;
			children = (
				B9D7C16928370606009EC0E8 /* HeoresCollectionViewCell.swift */,
				B9D7C16A28370607009EC0E8 /* HeoresCollectionViewCell.xib */,
			);
			path = MarvelHeroes;
			sourceTree = "<group>";
		};
		B9BC7A4428396BD20049A441 /* MHeroDetailCell */ = {
			isa = PBXGroup;
			children = (
				B9BC7A4F28397CD40049A441 /* MHeroComics */,
				B9BC7A4A28396C000049A441 /* MHeroComicHeader */,
				B9BC7A4528396BE30049A441 /* MHeroImage */,
			);
			path = MHeroDetailCell;
			sourceTree = "<group>";
		};
		B9BC7A4528396BE30049A441 /* MHeroImage */ = {
			isa = PBXGroup;
			children = (
				B9BC7A4628396BF90049A441 /* MHeroComicCollectionViewCell.swift */,
				B9BC7A4728396BF90049A441 /* MHeroComicCollectionViewCell.xib */,
			);
			path = MHeroImage;
			sourceTree = "<group>";
		};
		B9BC7A4A28396C000049A441 /* MHeroComicHeader */ = {
			isa = PBXGroup;
			children = (
				B9BC7A54283998890049A441 /* MHeroComicHeaderCollectionReusableView.swift */,
				B9BC7A55283998890049A441 /* MHeroComicHeaderCollectionReusableView.xib */,
			);
			path = MHeroComicHeader;
			sourceTree = "<group>";
		};
		B9BC7A4F28397CD40049A441 /* MHeroComics */ = {
			isa = PBXGroup;
			children = (
				B9BC7A5028397CEF0049A441 /* MHeroDescriptionWithImageCollectionViewCell.swift */,
				B9BC7A5128397CEF0049A441 /* MHeroDescriptionWithImageCollectionViewCell.xib */,
			);
			path = MHeroComics;
			sourceTree = "<group>";
		};
		B9BC7A582839A2B90049A441 /* Application */ = {
			isa = PBXGroup;
			children = (
				B9FDE9D22835C4CD00767B66 /* AppDelegate.swift */,
				B9D7C15E283702EE009EC0E8 /* AppAppearance.swift */,
				B9FDE9D42835C4CD00767B66 /* SceneDelegate.swift */,
			);
			path = Application;
			sourceTree = "<group>";
		};
		B9BC7A592839A30B0049A441 /* Resources */ = {
			isa = PBXGroup;
			children = (
				B9FDE9D82835C4CD00767B66 /* Main.storyboard */,
				B9FDE9DB2835C4CE00767B66 /* Assets.xcassets */,
				B9FDE9DD2835C4CE00767B66 /* LaunchScreen.storyboard */,
			);
			path = Resources;
			sourceTree = "<group>";
		};
		B9BC7A5C2839B4CA0049A441 /* Detail */ = {
			isa = PBXGroup;
			children = (
				B9BC7A5D2839B4D80049A441 /* MarvelComicModel.swift */,
			);
			path = Detail;
			sourceTree = "<group>";
		};
		B9D7C160283704B7009EC0E8 /* LoaderView */ = {
			isa = PBXGroup;
			children = (
				B9D7C161283704B7009EC0E8 /* LoaderView.xib */,
				B9D7C162283704B7009EC0E8 /* LoaderView.swift */,
			);
			path = LoaderView;
			sourceTree = "<group>";
		};
		B9E652FC2836C81100AD1819 /* Extenstion */ = {
			isa = PBXGroup;
			children = (
				B9E652FD2836C81100AD1819 /* UIKit */,
				B9D7C15C2836F201009EC0E8 /* NibView.swift */,
				B9E652FF2836C81100AD1819 /* UIView+NibView.swift */,
				B9E653002836C81100AD1819 /* extension.swift */,
				B9E653012836C81100AD1819 /* UITableView+Extension.swift */,
			);
			name = Extenstion;
			path = "../../../../Desktop/Video Streamer/Video Streamer/Shared/Extenstion";
			sourceTree = "<group>";
		};
		B9E652FD2836C81100AD1819 /* UIKit */ = {
			isa = PBXGroup;
			children = (
				B9E652FE2836C81100AD1819 /* UIView+NibRepresentable.swift */,
			);
			path = UIKit;
			sourceTree = "<group>";
		};
		B9E6530F2836C8B300AD1819 /* Util */ = {
			isa = PBXGroup;
			children = (
				B9E653102836C8B300AD1819 /* SchedulerContext.swift */,
				B9BC7A5A2839AB920049A441 /* Utils.swift */,
			);
			name = Util;
			path = "../../../Desktop/Video Streamer/Video Streamer/Util";
			sourceTree = "<group>";
		};
		B9FDC0BD2837E9080005D451 /* WebService */ = {
			isa = PBXGroup;
			children = (
				B9FDC0BE2837E9080005D451 /* APIService+URL.swift */,
				B9FDC0BF2837E9080005D451 /* APIMarvelService.swift */,
				B9FDC0CC28382AE80005D451 /* MarvelServiceUtil.swift */,
				B9FDC0C02837E9080005D451 /* BaseModel */,
				B9FDC0C32837E9080005D451 /* APIService+Helper.swift */,
			);
			path = WebService;
			sourceTree = "<group>";
		};
		B9FDC0C02837E9080005D451 /* BaseModel */ = {
			isa = PBXGroup;
			children = (
				B9FDC0C12837E9080005D451 /* BaseModel+Helper.swift */,
				B9FDC0C22837E9080005D451 /* BaseModel.swift */,
			);
			path = BaseModel;
			sourceTree = "<group>";
		};
		B9FDE9C62835C4CD00767B66 = {
			isa = PBXGroup;
			children = (
				B9FDE9D12835C4CD00767B66 /* MarvelComics */,
				B9FDE9E82835C4CE00767B66 /* MarvelComicsTests */,
				B9FDE9F22835C4CE00767B66 /* MarvelComicsUITests */,
				B9FDE9D02835C4CD00767B66 /* Products */,
			);
			sourceTree = "<group>";
		};
		B9FDE9D02835C4CD00767B66 /* Products */ = {
			isa = PBXGroup;
			children = (
				B9FDE9CF2835C4CD00767B66 /* MarvelComics.app */,
				B9FDE9E52835C4CE00767B66 /* MarvelComicsTests.xctest */,
				B9FDE9EF2835C4CE00767B66 /* MarvelComicsUITests.xctest */,
			);
			name = Products;
			sourceTree = "<group>";
		};
		B9FDE9D12835C4CD00767B66 /* MarvelComics */ = {
			isa = PBXGroup;
			children = (
				B9BC7A582839A2B90049A441 /* Application */,
				B9FDEA342836A74400767B66 /* DiffableDataSource */,
				B9FDEA2E2836699600767B66 /* Cells */,
				B9FDEA022835C51500767B66 /* Controllers */,
				B9FDEA0A2835C51500767B66 /* Models */,
				B9FDEA0F2835C51500767B66 /* Shared */,
				B9E6530F2836C8B300AD1819 /* Util */,
				B9BC7A592839A30B0049A441 /* Resources */,
				B9FDE9E02835C4CE00767B66 /* Info.plist */,
			);
			path = MarvelComics;
			sourceTree = "<group>";
		};
		B9FDE9E82835C4CE00767B66 /* MarvelComicsTests */ = {
			isa = PBXGroup;
			children = (
				B9FDE9E92835C4CE00767B66 /* MarvelComicsTests.swift */,
			);
			path = MarvelComicsTests;
			sourceTree = "<group>";
		};
		B9FDE9F22835C4CE00767B66 /* MarvelComicsUITests */ = {
			isa = PBXGroup;
			children = (
				B9FDE9F32835C4CE00767B66 /* MarvelComicsUITests.swift */,
				B9FDE9F52835C4CE00767B66 /* MarvelComicsUITestsLaunchTests.swift */,
			);
			path = MarvelComicsUITests;
			sourceTree = "<group>";
		};
		B9FDEA022835C51500767B66 /* Controllers */ = {
			isa = PBXGroup;
			children = (
				B9BC7A302838A7EC0049A441 /* Detail */,
				B9FDEA032835C51500767B66 /* Home */,
			);
			path = Controllers;
			sourceTree = "<group>";
		};
		B9FDEA032835C51500767B66 /* Home */ = {
			isa = PBXGroup;
			children = (
				B9FDEA062835C51500767B66 /* Coordinator */,
				B9FDEA042835C51500767B66 /* ViewModel */,
				B9FDEA082835C51500767B66 /* View */,
			);
			path = Home;
			sourceTree = "<group>";
		};
		B9FDEA042835C51500767B66 /* ViewModel */ = {
			isa = PBXGroup;
			children = (
				B9FDEA052835C51500767B66 /* HomeViewModel.swift */,
			);
			path = ViewModel;
			sourceTree = "<group>";
		};
		B9FDEA062835C51500767B66 /* Coordinator */ = {
			isa = PBXGroup;
			children = (
				B9FDEA072835C51500767B66 /* HomeViewCoordinator.swift */,
			);
			path = Coordinator;
			sourceTree = "<group>";
		};
		B9FDEA082835C51500767B66 /* View */ = {
			isa = PBXGroup;
			children = (
				B9FDEA092835C51500767B66 /* HomeViewController.swift */,
				B9FDEA402836A79A00767B66 /* HomeSection.swift */,
			);
			path = View;
			sourceTree = "<group>";
		};
		B9FDEA0A2835C51500767B66 /* Models */ = {
			isa = PBXGroup;
			children = (
				B9BC7A5C2839B4CA0049A441 /* Detail */,
				B9FDEA2B2836667400767B66 /* Home */,
			);
			path = Models;
			sourceTree = "<group>";
		};
		B9FDEA0F2835C51500767B66 /* Shared */ = {
			isa = PBXGroup;
			children = (
				B9FDC0CF28382C890005D451 /* MarvelPlist.plist */,
				B9FDC0BD2837E9080005D451 /* WebService */,
				B9E652FC2836C81100AD1819 /* Extenstion */,
				B9FDEA102835C51500767B66 /* Protocols */,
				B9D7C160283704B7009EC0E8 /* LoaderView */,
				B9BC7A2A2838A0310049A441 /* UIImageView+ImageLoader.swift */,
			);
			path = Shared;
			sourceTree = "<group>";
		};
		B9FDEA102835C51500767B66 /* Protocols */ = {
			isa = PBXGroup;
			children = (
				B9FDEA112835C51500767B66 /* Coordinator.swift */,
			);
			path = Protocols;
			sourceTree = "<group>";
		};
		B9FDEA2B2836667400767B66 /* Home */ = {
			isa = PBXGroup;
			children = (
				B9FDEA0E2835C51500767B66 /* MarvelModel.swift */,
			);
			path = Home;
			sourceTree = "<group>";
		};
		B9FDEA2E2836699600767B66 /* Cells */ = {
			isa = PBXGroup;
			children = (
				B9BC7A4428396BD20049A441 /* MHeroDetailCell */,
				B9BC7A4328396BBF0049A441 /* MarvelHeroes */,
			);
			path = Cells;
			sourceTree = "<group>";
		};
		B9FDEA342836A74400767B66 /* DiffableDataSource */ = {
			isa = PBXGroup;
			children = (
				B9FDEA352836A74400767B66 /* Loading */,
				B9FDEA392836A74400767B66 /* SectionLayoutProvider.swift */,
				B9FDEA3A2836A74400767B66 /* DiffableDatasource.swift */,
			);
			path = DiffableDataSource;
			sourceTree = "<group>";
		};
		B9FDEA352836A74400767B66 /* Loading */ = {
			isa = PBXGroup;
			children = (
				B9FDEA362836A74400767B66 /* LoadingCollectionCell.xib */,
				B9FDEA372836A74400767B66 /* LoadingItem.swift */,
				B9FDEA382836A74400767B66 /* LoadingCollectionCell.swift */,
			);
			path = Loading;
			sourceTree = "<group>";
		};
/* End PBXGroup section */

/* Begin PBXNativeTarget section */
		B9FDE9CE2835C4CD00767B66 /* MarvelComics */ = {
			isa = PBXNativeTarget;
			buildConfigurationList = B9FDE9F92835C4CE00767B66 /* Build configuration list for PBXNativeTarget "MarvelComics" */;
			buildPhases = (
				B9FDE9CB2835C4CD00767B66 /* Sources */,
				B9FDE9CC2835C4CD00767B66 /* Frameworks */,
				B9FDE9CD2835C4CD00767B66 /* Resources */,
			);
			buildRules = (
			);
			dependencies = (
			);
			name = MarvelComics;
			packageProductDependencies = (
				B9FDC0CA2837EC4A0005D451 /* Alamofire */,
				B9BC7A2E2838A05E0049A441 /* SDWebImage */,
			);
			productName = MarvelComics;
			productReference = B9FDE9CF2835C4CD00767B66 /* MarvelComics.app */;
			productType = "com.apple.product-type.application";
		};
		B9FDE9E42835C4CE00767B66 /* MarvelComicsTests */ = {
			isa = PBXNativeTarget;
			buildConfigurationList = B9FDE9FC2835C4CE00767B66 /* Build configuration list for PBXNativeTarget "MarvelComicsTests" */;
			buildPhases = (
				B9FDE9E12835C4CE00767B66 /* Sources */,
				B9FDE9E22835C4CE00767B66 /* Frameworks */,
				B9FDE9E32835C4CE00767B66 /* Resources */,
			);
			buildRules = (
			);
			dependencies = (
				B9FDE9E72835C4CE00767B66 /* PBXTargetDependency */,
			);
			name = MarvelComicsTests;
			productName = MarvelComicsTests;
			productReference = B9FDE9E52835C4CE00767B66 /* MarvelComicsTests.xctest */;
			productType = "com.apple.product-type.bundle.unit-test";
		};
		B9FDE9EE2835C4CE00767B66 /* MarvelComicsUITests */ = {
			isa = PBXNativeTarget;
			buildConfigurationList = B9FDE9FF2835C4CE00767B66 /* Build configuration list for PBXNativeTarget "MarvelComicsUITests" */;
			buildPhases = (
				B9FDE9EB2835C4CE00767B66 /* Sources */,
				B9FDE9EC2835C4CE00767B66 /* Frameworks */,
				B9FDE9ED2835C4CE00767B66 /* Resources */,
			);
			buildRules = (
			);
			dependencies = (
				B9FDE9F12835C4CE00767B66 /* PBXTargetDependency */,
			);
			name = MarvelComicsUITests;
			productName = MarvelComicsUITests;
			productReference = B9FDE9EF2835C4CE00767B66 /* MarvelComicsUITests.xctest */;
			productType = "com.apple.product-type.bundle.ui-testing";
		};
/* End PBXNativeTarget section */

/* Begin PBXProject section */
		B9FDE9C72835C4CD00767B66 /* Project object */ = {
			isa = PBXProject;
			attributes = {
				BuildIndependentTargetsInParallel = 1;
				LastSwiftUpdateCheck = 1320;
				LastUpgradeCheck = 1320;
				TargetAttributes = {
					B9FDE9CE2835C4CD00767B66 = {
						CreatedOnToolsVersion = 13.2.1;
					};
					B9FDE9E42835C4CE00767B66 = {
						CreatedOnToolsVersion = 13.2.1;
						TestTargetID = B9FDE9CE2835C4CD00767B66;
					};
					B9FDE9EE2835C4CE00767B66 = {
						CreatedOnToolsVersion = 13.2.1;
						TestTargetID = B9FDE9CE2835C4CD00767B66;
					};
				};
			};
			buildConfigurationList = B9FDE9CA2835C4CD00767B66 /* Build configuration list for PBXProject "MarvelComics" */;
			compatibilityVersion = "Xcode 13.0";
			developmentRegion = en;
			hasScannedForEncodings = 0;
			knownRegions = (
				en,
				Base,
			);
			mainGroup = B9FDE9C62835C4CD00767B66;
			packageReferences = (
				B9FDC0C92837EC4A0005D451 /* XCRemoteSwiftPackageReference "Alamofire" */,
				B9BC7A2D2838A05E0049A441 /* XCRemoteSwiftPackageReference "SDWebImage" */,
			);
			productRefGroup = B9FDE9D02835C4CD00767B66 /* Products */;
			projectDirPath = "";
			projectRoot = "";
			targets = (
				B9FDE9CE2835C4CD00767B66 /* MarvelComics */,
				B9FDE9E42835C4CE00767B66 /* MarvelComicsTests */,
				B9FDE9EE2835C4CE00767B66 /* MarvelComicsUITests */,
			);
		};
/* End PBXProject section */

/* Begin PBXResourcesBuildPhase section */
		B9FDE9CD2835C4CD00767B66 /* Resources */ = {
			isa = PBXResourcesBuildPhase;
			buildActionMask = 2147483647;
			files = (
				B9BC7A5328397CEF0049A441 /* MHeroDescriptionWithImageCollectionViewCell.xib in Resources */,
				B9FDE9DF2835C4CE00767B66 /* LaunchScreen.storyboard in Resources */,
				B9D7C163283704B7009EC0E8 /* LoaderView.xib in Resources */,
				B9FDE9DC2835C4CE00767B66 /* Assets.xcassets in Resources */,
				B9FDC0D028382C890005D451 /* MarvelPlist.plist in Resources */,
				B9BC7A4928396BF90049A441 /* MHeroComicCollectionViewCell.xib in Resources */,
				B9FDEA3B2836A74400767B66 /* LoadingCollectionCell.xib in Resources */,
				B9D7C16C28370607009EC0E8 /* HeoresCollectionViewCell.xib in Resources */,
				B9BC7A57283998890049A441 /* MHeroComicHeaderCollectionReusableView.xib in Resources */,
				B9FDE9DA2835C4CD00767B66 /* Main.storyboard in Resources */,
			);
			runOnlyForDeploymentPostprocessing = 0;
		};
		B9FDE9E32835C4CE00767B66 /* Resources */ = {
			isa = PBXResourcesBuildPhase;
			buildActionMask = 2147483647;
			files = (
			);
			runOnlyForDeploymentPostprocessing = 0;
		};
		B9FDE9ED2835C4CE00767B66 /* Resources */ = {
			isa = PBXResourcesBuildPhase;
			buildActionMask = 2147483647;
			files = (
			);
			runOnlyForDeploymentPostprocessing = 0;
		};
/* End PBXResourcesBuildPhase section */

/* Begin PBXSourcesBuildPhase section */
		B9FDE9CB2835C4CD00767B66 /* Sources */ = {
			isa = PBXSourcesBuildPhase;
			buildActionMask = 2147483647;
			files = (
				B9FDC0C62837E9080005D451 /* BaseModel+Helper.swift in Sources */,
				B9FDEA132835C51500767B66 /* HomeViewCoordinator.swift in Sources */,
				B9BC7A5228397CEF0049A441 /* MHeroDescriptionWithImageCollectionViewCell.swift in Sources */,
				B9BC7A56283998890049A441 /* MHeroComicHeaderCollectionReusableView.swift in Sources */,
				B9FDE9D32835C4CD00767B66 /* AppDelegate.swift in Sources */,
				B9D7C15F283702EE009EC0E8 /* AppAppearance.swift in Sources */,
				B9FDE9D52835C4CD00767B66 /* SceneDelegate.swift in Sources */,
				B9FDEA162835C51500767B66 /* MarvelModel.swift in Sources */,
				B9BC7A4828396BF90049A441 /* MHeroComicCollectionViewCell.swift in Sources */,
				B9BC7A322838A8180049A441 /* MCharacterDetailViewController.swift in Sources */,
				B9FDEA122835C51500767B66 /* HomeViewModel.swift in Sources */,
				B9BC7A5B2839AB920049A441 /* Utils.swift in Sources */,
				B9FDC0C42837E9080005D451 /* APIService+URL.swift in Sources */,
				B9FDEA3F2836A74400767B66 /* DiffableDatasource.swift in Sources */,
				B9FDC0C72837E9080005D451 /* BaseModel.swift in Sources */,
				B9E653052836C81100AD1819 /* UITableView+Extension.swift in Sources */,
				B9FDEA412836A79A00767B66 /* HomeSection.swift in Sources */,
				B9BC7A41283967910049A441 /* MCharacterDetailSection.swift in Sources */,
				B9E653022836C81100AD1819 /* UIView+NibRepresentable.swift in Sources */,
				B9FDEA3C2836A74400767B66 /* LoadingItem.swift in Sources */,
				B9FDEA3D2836A74400767B66 /* LoadingCollectionCell.swift in Sources */,
				B9E653042836C81100AD1819 /* extension.swift in Sources */,
				B9E653032836C81100AD1819 /* UIView+NibView.swift in Sources */,
				B9BC7A2C2838A0310049A441 /* UIImageView+ImageLoader.swift in Sources */,
				B9FDEA142835C51500767B66 /* HomeViewController.swift in Sources */,
				B9D7C16B28370607009EC0E8 /* HeoresCollectionViewCell.swift in Sources */,
				B9BC7A3B2838A9350049A441 /* MCharacterDetailCoordinator.swift in Sources */,
				B9FDC0CD28382AE80005D451 /* MarvelServiceUtil.swift in Sources */,
				B9E653112836C8B300AD1819 /* SchedulerContext.swift in Sources */,
				B9FDC0C82837E9080005D451 /* APIService+Helper.swift in Sources */,
				B9FDC0C52837E9080005D451 /* APIMarvelService.swift in Sources */,
				B9D7C164283704B7009EC0E8 /* LoaderView.swift in Sources */,
				B9FDEA3E2836A74400767B66 /* SectionLayoutProvider.swift in Sources */,
				B9BC7A5E2839B4D80049A441 /* MarvelComicModel.swift in Sources */,
				B9FDEA172835C51500767B66 /* Coordinator.swift in Sources */,
				B9D7C15D2836F201009EC0E8 /* NibView.swift in Sources */,
				B9BC7A392838A8C50049A441 /* DefaultMCharacterDetailViewModel.swift in Sources */,
			);
			runOnlyForDeploymentPostprocessing = 0;
		};
		B9FDE9E12835C4CE00767B66 /* Sources */ = {
			isa = PBXSourcesBuildPhase;
			buildActionMask = 2147483647;
			files = (
				B9FDE9EA2835C4CE00767B66 /* MarvelComicsTests.swift in Sources */,
			);
			runOnlyForDeploymentPostprocessing = 0;
		};
		B9FDE9EB2835C4CE00767B66 /* Sources */ = {
			isa = PBXSourcesBuildPhase;
			buildActionMask = 2147483647;
			files = (
				B9FDE9F42835C4CE00767B66 /* MarvelComicsUITests.swift in Sources */,
				B9FDE9F62835C4CE00767B66 /* MarvelComicsUITestsLaunchTests.swift in Sources */,
			);
			runOnlyForDeploymentPostprocessing = 0;
		};
/* End PBXSourcesBuildPhase section */

/* Begin PBXTargetDependency section */
		B9FDE9E72835C4CE00767B66 /* PBXTargetDependency */ = {
			isa = PBXTargetDependency;
			target = B9FDE9CE2835C4CD00767B66 /* MarvelComics */;
			targetProxy = B9FDE9E62835C4CE00767B66 /* PBXContainerItemProxy */;
		};
		B9FDE9F12835C4CE00767B66 /* PBXTargetDependency */ = {
			isa = PBXTargetDependency;
			target = B9FDE9CE2835C4CD00767B66 /* MarvelComics */;
			targetProxy = B9FDE9F02835C4CE00767B66 /* PBXContainerItemProxy */;
		};
/* End PBXTargetDependency section */

/* Begin PBXVariantGroup section */
		B9FDE9D82835C4CD00767B66 /* Main.storyboard */ = {
			isa = PBXVariantGroup;
			children = (
				B9FDE9D92835C4CD00767B66 /* Base */,
			);
			name = Main.storyboard;
			sourceTree = "<group>";
		};
		B9FDE9DD2835C4CE00767B66 /* LaunchScreen.storyboard */ = {
			isa = PBXVariantGroup;
			children = (
				B9FDE9DE2835C4CE00767B66 /* Base */,
			);
			name = LaunchScreen.storyboard;
			sourceTree = "<group>";
		};
/* End PBXVariantGroup section */

/* Begin XCBuildConfiguration section */
		B9FDE9F72835C4CE00767B66 /* Debug */ = {
			isa = XCBuildConfiguration;
			buildSettings = {
				ALWAYS_SEARCH_USER_PATHS = NO;
				CLANG_ANALYZER_NONNULL = YES;
				CLANG_ANALYZER_NUMBER_OBJECT_CONVERSION = YES_AGGRESSIVE;
				CLANG_CXX_LANGUAGE_STANDARD = "gnu++17";
				CLANG_CXX_LIBRARY = "libc++";
				CLANG_ENABLE_MODULES = YES;
				CLANG_ENABLE_OBJC_ARC = YES;
				CLANG_ENABLE_OBJC_WEAK = YES;
				CLANG_WARN_BLOCK_CAPTURE_AUTORELEASING = YES;
				CLANG_WARN_BOOL_CONVERSION = YES;
				CLANG_WARN_COMMA = YES;
				CLANG_WARN_CONSTANT_CONVERSION = YES;
				CLANG_WARN_DEPRECATED_OBJC_IMPLEMENTATIONS = YES;
				CLANG_WARN_DIRECT_OBJC_ISA_USAGE = YES_ERROR;
				CLANG_WARN_DOCUMENTATION_COMMENTS = YES;
				CLANG_WARN_EMPTY_BODY = YES;
				CLANG_WARN_ENUM_CONVERSION = YES;
				CLANG_WARN_INFINITE_RECURSION = YES;
				CLANG_WARN_INT_CONVERSION = YES;
				CLANG_WARN_NON_LITERAL_NULL_CONVERSION = YES;
				CLANG_WARN_OBJC_IMPLICIT_RETAIN_SELF = YES;
				CLANG_WARN_OBJC_LITERAL_CONVERSION = YES;
				CLANG_WARN_OBJC_ROOT_CLASS = YES_ERROR;
				CLANG_WARN_QUOTED_INCLUDE_IN_FRAMEWORK_HEADER = YES;
				CLANG_WARN_RANGE_LOOP_ANALYSIS = YES;
				CLANG_WARN_STRICT_PROTOTYPES = YES;
				CLANG_WARN_SUSPICIOUS_MOVE = YES;
				CLANG_WARN_UNGUARDED_AVAILABILITY = YES_AGGRESSIVE;
				CLANG_WARN_UNREACHABLE_CODE = YES;
				CLANG_WARN__DUPLICATE_METHOD_MATCH = YES;
				COPY_PHASE_STRIP = NO;
				DEBUG_INFORMATION_FORMAT = dwarf;
				ENABLE_STRICT_OBJC_MSGSEND = YES;
				ENABLE_TESTABILITY = YES;
				GCC_C_LANGUAGE_STANDARD = gnu11;
				GCC_DYNAMIC_NO_PIC = NO;
				GCC_NO_COMMON_BLOCKS = YES;
				GCC_OPTIMIZATION_LEVEL = 0;
				GCC_PREPROCESSOR_DEFINITIONS = (
					"DEBUG=1",
					"$(inherited)",
				);
				GCC_WARN_64_TO_32_BIT_CONVERSION = YES;
				GCC_WARN_ABOUT_RETURN_TYPE = YES_ERROR;
				GCC_WARN_UNDECLARED_SELECTOR = YES;
				GCC_WARN_UNINITIALIZED_AUTOS = YES_AGGRESSIVE;
				GCC_WARN_UNUSED_FUNCTION = YES;
				GCC_WARN_UNUSED_VARIABLE = YES;
				IPHONEOS_DEPLOYMENT_TARGET = 15.2;
				MTL_ENABLE_DEBUG_INFO = INCLUDE_SOURCE;
				MTL_FAST_MATH = YES;
				ONLY_ACTIVE_ARCH = YES;
				SDKROOT = iphoneos;
				SWIFT_ACTIVE_COMPILATION_CONDITIONS = DEBUG;
				SWIFT_OPTIMIZATION_LEVEL = "-Onone";
			};
			name = Debug;
		};
		B9FDE9F82835C4CE00767B66 /* Release */ = {
			isa = XCBuildConfiguration;
			buildSettings = {
				ALWAYS_SEARCH_USER_PATHS = NO;
				CLANG_ANALYZER_NONNULL = YES;
				CLANG_ANALYZER_NUMBER_OBJECT_CONVERSION = YES_AGGRESSIVE;
				CLANG_CXX_LANGUAGE_STANDARD = "gnu++17";
				CLANG_CXX_LIBRARY = "libc++";
				CLANG_ENABLE_MODULES = YES;
				CLANG_ENABLE_OBJC_ARC = YES;
				CLANG_ENABLE_OBJC_WEAK = YES;
				CLANG_WARN_BLOCK_CAPTURE_AUTORELEASING = YES;
				CLANG_WARN_BOOL_CONVERSION = YES;
				CLANG_WARN_COMMA = YES;
				CLANG_WARN_CONSTANT_CONVERSION = YES;
				CLANG_WARN_DEPRECATED_OBJC_IMPLEMENTATIONS = YES;
				CLANG_WARN_DIRECT_OBJC_ISA_USAGE = YES_ERROR;
				CLANG_WARN_DOCUMENTATION_COMMENTS = YES;
				CLANG_WARN_EMPTY_BODY = YES;
				CLANG_WARN_ENUM_CONVERSION = YES;
				CLANG_WARN_INFINITE_RECURSION = YES;
				CLANG_WARN_INT_CONVERSION = YES;
				CLANG_WARN_NON_LITERAL_NULL_CONVERSION = YES;
				CLANG_WARN_OBJC_IMPLICIT_RETAIN_SELF = YES;
				CLANG_WARN_OBJC_LITERAL_CONVERSION = YES;
				CLANG_WARN_OBJC_ROOT_CLASS = YES_ERROR;
				CLANG_WARN_QUOTED_INCLUDE_IN_FRAMEWORK_HEADER = YES;
				CLANG_WARN_RANGE_LOOP_ANALYSIS = YES;
				CLANG_WARN_STRICT_PROTOTYPES = YES;
				CLANG_WARN_SUSPICIOUS_MOVE = YES;
				CLANG_WARN_UNGUARDED_AVAILABILITY = YES_AGGRESSIVE;
				CLANG_WARN_UNREACHABLE_CODE = YES;
				CLANG_WARN__DUPLICATE_METHOD_MATCH = YES;
				COPY_PHASE_STRIP = NO;
				DEBUG_INFORMATION_FORMAT = "dwarf-with-dsym";
				ENABLE_NS_ASSERTIONS = NO;
				ENABLE_STRICT_OBJC_MSGSEND = YES;
				GCC_C_LANGUAGE_STANDARD = gnu11;
				GCC_NO_COMMON_BLOCKS = YES;
				GCC_WARN_64_TO_32_BIT_CONVERSION = YES;
				GCC_WARN_ABOUT_RETURN_TYPE = YES_ERROR;
				GCC_WARN_UNDECLARED_SELECTOR = YES;
				GCC_WARN_UNINITIALIZED_AUTOS = YES_AGGRESSIVE;
				GCC_WARN_UNUSED_FUNCTION = YES;
				GCC_WARN_UNUSED_VARIABLE = YES;
				IPHONEOS_DEPLOYMENT_TARGET = 15.2;
				MTL_ENABLE_DEBUG_INFO = NO;
				MTL_FAST_MATH = YES;
				SDKROOT = iphoneos;
				SWIFT_COMPILATION_MODE = wholemodule;
				SWIFT_OPTIMIZATION_LEVEL = "-O";
				VALIDATE_PRODUCT = YES;
			};
			name = Release;
		};
		B9FDE9FA2835C4CE00767B66 /* Debug */ = {
			isa = XCBuildConfiguration;
			buildSettings = {
				ASSETCATALOG_COMPILER_APPICON_NAME = AppIcon;
				ASSETCATALOG_COMPILER_GLOBAL_ACCENT_COLOR_NAME = AccentColor;
				CODE_SIGN_STYLE = Automatic;
				CURRENT_PROJECT_VERSION = 1;
				GENERATE_INFOPLIST_FILE = YES;
				INFOPLIST_FILE = MarvelComics/Info.plist;
				INFOPLIST_KEY_UIApplicationSupportsIndirectInputEvents = YES;
				INFOPLIST_KEY_UILaunchStoryboardName = LaunchScreen;
				INFOPLIST_KEY_UIMainStoryboardFile = Main;
				INFOPLIST_KEY_UISupportedInterfaceOrientations = UIInterfaceOrientationPortrait;
				INFOPLIST_KEY_UISupportedInterfaceOrientations_iPad = "UIInterfaceOrientationPortrait UIInterfaceOrientationPortraitUpsideDown UIInterfaceOrientationLandscapeLeft UIInterfaceOrientationLandscapeRight";
				INFOPLIST_KEY_UISupportedInterfaceOrientations_iPhone = "UIInterfaceOrientationPortrait UIInterfaceOrientationLandscapeLeft UIInterfaceOrientationLandscapeRight";
				IPHONEOS_DEPLOYMENT_TARGET = 13.0;
				LD_RUNPATH_SEARCH_PATHS = (
					"$(inherited)",
					"@executable_path/Frameworks",
				);
				MARKETING_VERSION = 1.0;
				PRODUCT_BUNDLE_IDENTIFIER = UITestSampleIdentifier.MarvelComics;
				PRODUCT_NAME = "$(TARGET_NAME)";
				SWIFT_EMIT_LOC_STRINGS = YES;
				SWIFT_VERSION = 5.0;
				TARGETED_DEVICE_FAMILY = "1,2";
			};
			name = Debug;
		};
		B9FDE9FB2835C4CE00767B66 /* Release */ = {
			isa = XCBuildConfiguration;
			buildSettings = {
				ASSETCATALOG_COMPILER_APPICON_NAME = AppIcon;
				ASSETCATALOG_COMPILER_GLOBAL_ACCENT_COLOR_NAME = AccentColor;
				CODE_SIGN_STYLE = Automatic;
				CURRENT_PROJECT_VERSION = 1;
				GENERATE_INFOPLIST_FILE = YES;
				INFOPLIST_FILE = MarvelComics/Info.plist;
				INFOPLIST_KEY_UIApplicationSupportsIndirectInputEvents = YES;
				INFOPLIST_KEY_UILaunchStoryboardName = LaunchScreen;
				INFOPLIST_KEY_UIMainStoryboardFile = Main;
				INFOPLIST_KEY_UISupportedInterfaceOrientations = UIInterfaceOrientationPortrait;
				INFOPLIST_KEY_UISupportedInterfaceOrientations_iPad = "UIInterfaceOrientationPortrait UIInterfaceOrientationPortraitUpsideDown UIInterfaceOrientationLandscapeLeft UIInterfaceOrientationLandscapeRight";
				INFOPLIST_KEY_UISupportedInterfaceOrientations_iPhone = "UIInterfaceOrientationPortrait UIInterfaceOrientationLandscapeLeft UIInterfaceOrientationLandscapeRight";
				IPHONEOS_DEPLOYMENT_TARGET = 13.0;
				LD_RUNPATH_SEARCH_PATHS = (
					"$(inherited)",
					"@executable_path/Frameworks",
				);
				MARKETING_VERSION = 1.0;
				PRODUCT_BUNDLE_IDENTIFIER = UITestSampleIdentifier.MarvelComics;
				PRODUCT_NAME = "$(TARGET_NAME)";
				SWIFT_EMIT_LOC_STRINGS = YES;
				SWIFT_VERSION = 5.0;
				TARGETED_DEVICE_FAMILY = "1,2";
			};
			name = Release;
		};
		B9FDE9FD2835C4CE00767B66 /* Debug */ = {
			isa = XCBuildConfiguration;
			buildSettings = {
				ALWAYS_EMBED_SWIFT_STANDARD_LIBRARIES = YES;
				BUNDLE_LOADER = "$(TEST_HOST)";
				CODE_SIGN_STYLE = Automatic;
				CURRENT_PROJECT_VERSION = 1;
				GENERATE_INFOPLIST_FILE = YES;
				IPHONEOS_DEPLOYMENT_TARGET = 15.2;
				MARKETING_VERSION = 1.0;
				PRODUCT_BUNDLE_IDENTIFIER = UITestSampleIdentifier.MarvelComicsTests;
				PRODUCT_NAME = "$(TARGET_NAME)";
				SWIFT_EMIT_LOC_STRINGS = NO;
				SWIFT_VERSION = 5.0;
				TARGETED_DEVICE_FAMILY = "1,2";
				TEST_HOST = "$(BUILT_PRODUCTS_DIR)/MarvelComics.app/MarvelComics";
			};
			name = Debug;
		};
		B9FDE9FE2835C4CE00767B66 /* Release */ = {
			isa = XCBuildConfiguration;
			buildSettings = {
				ALWAYS_EMBED_SWIFT_STANDARD_LIBRARIES = YES;
				BUNDLE_LOADER = "$(TEST_HOST)";
				CODE_SIGN_STYLE = Automatic;
				CURRENT_PROJECT_VERSION = 1;
				GENERATE_INFOPLIST_FILE = YES;
				IPHONEOS_DEPLOYMENT_TARGET = 15.2;
				MARKETING_VERSION = 1.0;
				PRODUCT_BUNDLE_IDENTIFIER = UITestSampleIdentifier.MarvelComicsTests;
				PRODUCT_NAME = "$(TARGET_NAME)";
				SWIFT_EMIT_LOC_STRINGS = NO;
				SWIFT_VERSION = 5.0;
				TARGETED_DEVICE_FAMILY = "1,2";
				TEST_HOST = "$(BUILT_PRODUCTS_DIR)/MarvelComics.app/MarvelComics";
			};
			name = Release;
		};
		B9FDEA002835C4CE00767B66 /* Debug */ = {
			isa = XCBuildConfiguration;
			buildSettings = {
				ALWAYS_EMBED_SWIFT_STANDARD_LIBRARIES = YES;
				CODE_SIGN_STYLE = Automatic;
				CURRENT_PROJECT_VERSION = 1;
				GENERATE_INFOPLIST_FILE = YES;
				MARKETING_VERSION = 1.0;
				PRODUCT_BUNDLE_IDENTIFIER = UITestSampleIdentifier.MarvelComicsUITests;
				PRODUCT_NAME = "$(TARGET_NAME)";
				SWIFT_EMIT_LOC_STRINGS = NO;
				SWIFT_VERSION = 5.0;
				TARGETED_DEVICE_FAMILY = "1,2";
				TEST_TARGET_NAME = MarvelComics;
			};
			name = Debug;
		};
		B9FDEA012835C4CE00767B66 /* Release */ = {
			isa = XCBuildConfiguration;
			buildSettings = {
				ALWAYS_EMBED_SWIFT_STANDARD_LIBRARIES = YES;
				CODE_SIGN_STYLE = Automatic;
				CURRENT_PROJECT_VERSION = 1;
				GENERATE_INFOPLIST_FILE = YES;
				MARKETING_VERSION = 1.0;
				PRODUCT_BUNDLE_IDENTIFIER = UITestSampleIdentifier.MarvelComicsUITests;
				PRODUCT_NAME = "$(TARGET_NAME)";
				SWIFT_EMIT_LOC_STRINGS = NO;
				SWIFT_VERSION = 5.0;
				TARGETED_DEVICE_FAMILY = "1,2";
				TEST_TARGET_NAME = MarvelComics;
			};
			name = Release;
		};
/* End XCBuildConfiguration section */

/* Begin XCConfigurationList section */
		B9FDE9CA2835C4CD00767B66 /* Build configuration list for PBXProject "MarvelComics" */ = {
			isa = XCConfigurationList;
			buildConfigurations = (
				B9FDE9F72835C4CE00767B66 /* Debug */,
				B9FDE9F82835C4CE00767B66 /* Release */,
			);
			defaultConfigurationIsVisible = 0;
			defaultConfigurationName = Release;
		};
		B9FDE9F92835C4CE00767B66 /* Build configuration list for PBXNativeTarget "MarvelComics" */ = {
			isa = XCConfigurationList;
			buildConfigurations = (
				B9FDE9FA2835C4CE00767B66 /* Debug */,
				B9FDE9FB2835C4CE00767B66 /* Release */,
			);
			defaultConfigurationIsVisible = 0;
			defaultConfigurationName = Release;
		};
		B9FDE9FC2835C4CE00767B66 /* Build configuration list for PBXNativeTarget "MarvelComicsTests" */ = {
			isa = XCConfigurationList;
			buildConfigurations = (
				B9FDE9FD2835C4CE00767B66 /* Debug */,
				B9FDE9FE2835C4CE00767B66 /* Release */,
			);
			defaultConfigurationIsVisible = 0;
			defaultConfigurationName = Release;
		};
		B9FDE9FF2835C4CE00767B66 /* Build configuration list for PBXNativeTarget "MarvelComicsUITests" */ = {
			isa = XCConfigurationList;
			buildConfigurations = (
				B9FDEA002835C4CE00767B66 /* Debug */,
				B9FDEA012835C4CE00767B66 /* Release */,
			);
			defaultConfigurationIsVisible = 0;
			defaultConfigurationName = Release;
		};
/* End XCConfigurationList section */

/* Begin XCRemoteSwiftPackageReference section */
		B9BC7A2D2838A05E0049A441 /* XCRemoteSwiftPackageReference "SDWebImage" */ = {
			isa = XCRemoteSwiftPackageReference;
			repositoryURL = "https://github.com/SDWebImage/SDWebImage.git";
			requirement = {
				kind = upToNextMajorVersion;
				minimumVersion = 5.0.0;
			};
		};
		B9FDC0C92837EC4A0005D451 /* XCRemoteSwiftPackageReference "Alamofire" */ = {
			isa = XCRemoteSwiftPackageReference;
			repositoryURL = "https://github.com/Alamofire/Alamofire.git";
			requirement = {
				kind = upToNextMajorVersion;
				minimumVersion = 4.9.1;
			};
		};
/* End XCRemoteSwiftPackageReference section */

/* Begin XCSwiftPackageProductDependency section */
		B9BC7A2E2838A05E0049A441 /* SDWebImage */ = {
			isa = XCSwiftPackageProductDependency;
			package = B9BC7A2D2838A05E0049A441 /* XCRemoteSwiftPackageReference "SDWebImage" */;
			productName = SDWebImage;
		};
		B9FDC0CA2837EC4A0005D451 /* Alamofire */ = {
			isa = XCSwiftPackageProductDependency;
			package = B9FDC0C92837EC4A0005D451 /* XCRemoteSwiftPackageReference "Alamofire" */;
			productName = Alamofire;
		};
/* End XCSwiftPackageProductDependency section */
	};
	rootObject = B9FDE9C72835C4CD00767B66 /* Project object */;
}
