// !$*UTF8*$!
{
	archiveVersion = 1;
	classes = {
	};
	objectVersion = 55;
	objects = {

/* Begin PBXBuildFile section */
		B9E653022836C81100AD1819 /* UIView+NibRepresentable.swift in Sources */ = {isa = PBXBuildFile; fileRef = B9E652FE2836C81100AD1819 /* UIView+NibRepresentable.swift */; };
		B9E653032836C81100AD1819 /* UIView+NibView.swift in Sources */ = {isa = PBXBuildFile; fileRef = B9E652FF2836C81100AD1819 /* UIView+NibView.swift */; };
		B9E653042836C81100AD1819 /* extension.swift in Sources */ = {isa = PBXBuildFile; fileRef = B9E653002836C81100AD1819 /* extension.swift */; };
		B9E653052836C81100AD1819 /* UITableView+Extension.swift in Sources */ = {isa = PBXBuildFile; fileRef = B9E653012836C81100AD1819 /* UITableView+Extension.swift */; };
		B9E653112836C8B300AD1819 /* SchedulerContext.swift in Sources */ = {isa = PBXBuildFile; fileRef = B9E653102836C8B300AD1819 /* SchedulerContext.swift */; };
		B9FDE9D32835C4CD00767B66 /* AppDelegate.swift in Sources */ = {isa = PBXBuildFile; fileRef = B9FDE9D22835C4CD00767B66 /* AppDelegate.swift */; };
		B9FDE9D52835C4CD00767B66 /* SceneDelegate.swift in Sources */ = {isa = PBXBuildFile; fileRef = B9FDE9D42835C4CD00767B66 /* SceneDelegate.swift */; };
		B9FDE9DA2835C4CD00767B66 /* Main.storyboard in Resources */ = {isa = PBXBuildFile; fileRef = B9FDE9D82835C4CD00767B66 /* Main.storyboard */; };
		B9FDE9DC2835C4CE00767B66 /* Assets.xcassets in Resources */ = {isa = PBXBuildFile; fileRef = B9FDE9DB2835C4CE00767B66 /* Assets.xcassets */; };
		B9FDE9DF2835C4CE00767B66 /* LaunchScreen.storyboard in Resources */ = {isa = PBXBuildFile; fileRef = B9FDE9DD2835C4CE00767B66 /* LaunchScreen.storyboard */; };
		B9FDE9EA2835C4CE00767B66 /* MarvelComicsTests.swift in Sources */ = {isa = PBXBuildFile; fileRef = B9FDE9E92835C4CE00767B66 /* MarvelComicsTests.swift */; };
		B9FDE9F42835C4CE00767B66 /* MarvelComicsUITests.swift in Sources */ = {isa = PBXBuildFile; fileRef = B9FDE9F32835C4CE00767B66 /* MarvelComicsUITests.swift */; };
		B9FDE9F62835C4CE00767B66 /* MarvelComicsUITestsLaunchTests.swift in Sources */ = {isa = PBXBuildFile; fileRef = B9FDE9F52835C4CE00767B66 /* MarvelComicsUITestsLaunchTests.swift */; };
		B9FDEA122835C51500767B66 /* HomeViewModel.swift in Sources */ = {isa = PBXBuildFile; fileRef = B9FDEA052835C51500767B66 /* HomeViewModel.swift */; };
		B9FDEA132835C51500767B66 /* HomeViewCoordinator.swift in Sources */ = {isa = PBXBuildFile; fileRef = B9FDEA072835C51500767B66 /* HomeViewCoordinator.swift */; };
		B9FDEA142835C51500767B66 /* HomeViewController.swift in Sources */ = {isa = PBXBuildFile; fileRef = B9FDEA092835C51500767B66 /* HomeViewController.swift */; };
		B9FDEA162835C51500767B66 /* HomeModel.swift in Sources */ = {isa = PBXBuildFile; fileRef = B9FDEA0E2835C51500767B66 /* HomeModel.swift */; };
		B9FDEA172835C51500767B66 /* Coordinator.swift in Sources */ = {isa = PBXBuildFile; fileRef = B9FDEA112835C51500767B66 /* Coordinator.swift */; };
		B9FDEA212835C69A00767B66 /* UIView+NibRepresentable.swift in Sources */ = {isa = PBXBuildFile; fileRef = B9FDEA1C2835C69A00767B66 /* UIView+NibRepresentable.swift */; };
		B9FDEA222835C69A00767B66 /* UIView+NibView.swift in Sources */ = {isa = PBXBuildFile; fileRef = B9FDEA1D2835C69A00767B66 /* UIView+NibView.swift */; };
		B9FDEA2D2836692600767B66 /* UICollectionView+Extension.swift in Sources */ = {isa = PBXBuildFile; fileRef = B9FDEA2C2836692600767B66 /* UICollectionView+Extension.swift */; };
		B9FDEA32283669B700767B66 /* HeoresCollectionViewCell.swift in Sources */ = {isa = PBXBuildFile; fileRef = B9FDEA30283669B700767B66 /* HeoresCollectionViewCell.swift */; };
		B9FDEA33283669B700767B66 /* HeoresCollectionViewCell.xib in Resources */ = {isa = PBXBuildFile; fileRef = B9FDEA31283669B700767B66 /* HeoresCollectionViewCell.xib */; };
		B9FDEA3B2836A74400767B66 /* LoadingCollectionCell.xib in Resources */ = {isa = PBXBuildFile; fileRef = B9FDEA362836A74400767B66 /* LoadingCollectionCell.xib */; };
		B9FDEA3C2836A74400767B66 /* LoadingItem.swift in Sources */ = {isa = PBXBuildFile; fileRef = B9FDEA372836A74400767B66 /* LoadingItem.swift */; };
		B9FDEA3D2836A74400767B66 /* LoadingCollectionCell.swift in Sources */ = {isa = PBXBuildFile; fileRef = B9FDEA382836A74400767B66 /* LoadingCollectionCell.swift */; };
		B9FDEA3E2836A74400767B66 /* SectionLayoutProvider.swift in Sources */ = {isa = PBXBuildFile; fileRef = B9FDEA392836A74400767B66 /* SectionLayoutProvider.swift */; };
		B9FDEA3F2836A74400767B66 /* DiffableDatasource.swift in Sources */ = {isa = PBXBuildFile; fileRef = B9FDEA3A2836A74400767B66 /* DiffableDatasource.swift */; };
		B9FDEA412836A79A00767B66 /* HomeSection.swift in Sources */ = {isa = PBXBuildFile; fileRef = B9FDEA402836A79A00767B66 /* HomeSection.swift */; };
		B9FDEA442836A86500767B66 /* SchedulerContext.swift in Sources */ = {isa = PBXBuildFile; fileRef = B9FDEA432836A86500767B66 /* SchedulerContext.swift */; };
		B9FDEA462836AAFB00767B66 /* extension.swift in Sources */ = {isa = PBXBuildFile; fileRef = B9FDEA452836AAFB00767B66 /* extension.swift */; };
/* End PBXBuildFile section */

/* Begin PBXContainerItemProxy section */
		B9FDE9E62835C4CE00767B66 /* PBXContainerItemProxy */ = {
			isa = PBXContainerItemProxy;
			containerPortal = B9FDE9C72835C4CD00767B66 /* Project object */;
			proxyType = 1;
			remoteGlobalIDString = B9FDE9CE2835C4CD00767B66;
			remoteInfo = MarvelComics;
		};
		B9FDE9F02835C4CE00767B66 /* PBXContainerItemProxy */ = {
			isa = PBXContainerItemProxy;
			containerPortal = B9FDE9C72835C4CD00767B66 /* Project object */;
			proxyType = 1;
			remoteGlobalIDString = B9FDE9CE2835C4CD00767B66;
			remoteInfo = MarvelComics;
		};
/* End PBXContainerItemProxy section */

/* Begin PBXFileReference section */
		B9E652FE2836C81100AD1819 /* UIView+NibRepresentable.swift */ = {isa = PBXFileReference; fileEncoding = 4; lastKnownFileType = sourcecode.swift; path = "UIView+NibRepresentable.swift"; sourceTree = "<group>"; };
		B9E652FF2836C81100AD1819 /* UIView+NibView.swift */ = {isa = PBXFileReference; fileEncoding = 4; lastKnownFileType = sourcecode.swift; path = "UIView+NibView.swift"; sourceTree = "<group>"; };
		B9E653002836C81100AD1819 /* extension.swift */ = {isa = PBXFileReference; fileEncoding = 4; lastKnownFileType = sourcecode.swift; path = extension.swift; sourceTree = "<group>"; };
		B9E653012836C81100AD1819 /* UITableView+Extension.swift */ = {isa = PBXFileReference; fileEncoding = 4; lastKnownFileType = sourcecode.swift; path = "UITableView+Extension.swift"; sourceTree = "<group>"; };
		B9E653102836C8B300AD1819 /* SchedulerContext.swift */ = {isa = PBXFileReference; fileEncoding = 4; lastKnownFileType = sourcecode.swift; path = SchedulerContext.swift; sourceTree = "<group>"; };
		B9FDE9CF2835C4CD00767B66 /* MarvelComics.app */ = {isa = PBXFileReference; explicitFileType = wrapper.application; includeInIndex = 0; path = MarvelComics.app; sourceTree = BUILT_PRODUCTS_DIR; };
		B9FDE9D22835C4CD00767B66 /* AppDelegate.swift */ = {isa = PBXFileReference; lastKnownFileType = sourcecode.swift; path = AppDelegate.swift; sourceTree = "<group>"; };
		B9FDE9D42835C4CD00767B66 /* SceneDelegate.swift */ = {isa = PBXFileReference; lastKnownFileType = sourcecode.swift; path = SceneDelegate.swift; sourceTree = "<group>"; };
		B9FDE9D92835C4CD00767B66 /* Base */ = {isa = PBXFileReference; lastKnownFileType = file.storyboard; name = Base; path = Base.lproj/Main.storyboard; sourceTree = "<group>"; };
		B9FDE9DB2835C4CE00767B66 /* Assets.xcassets */ = {isa = PBXFileReference; lastKnownFileType = folder.assetcatalog; path = Assets.xcassets; sourceTree = "<group>"; };
		B9FDE9DE2835C4CE00767B66 /* Base */ = {isa = PBXFileReference; lastKnownFileType = file.storyboard; name = Base; path = Base.lproj/LaunchScreen.storyboard; sourceTree = "<group>"; };
		B9FDE9E02835C4CE00767B66 /* Info.plist */ = {isa = PBXFileReference; lastKnownFileType = text.plist.xml; path = Info.plist; sourceTree = "<group>"; };
		B9FDE9E52835C4CE00767B66 /* MarvelComicsTests.xctest */ = {isa = PBXFileReference; explicitFileType = wrapper.cfbundle; includeInIndex = 0; path = MarvelComicsTests.xctest; sourceTree = BUILT_PRODUCTS_DIR; };
		B9FDE9E92835C4CE00767B66 /* MarvelComicsTests.swift */ = {isa = PBXFileReference; lastKnownFileType = sourcecode.swift; path = MarvelComicsTests.swift; sourceTree = "<group>"; };
		B9FDE9EF2835C4CE00767B66 /* MarvelComicsUITests.xctest */ = {isa = PBXFileReference; explicitFileType = wrapper.cfbundle; includeInIndex = 0; path = MarvelComicsUITests.xctest; sourceTree = BUILT_PRODUCTS_DIR; };
		B9FDE9F32835C4CE00767B66 /* MarvelComicsUITests.swift */ = {isa = PBXFileReference; lastKnownFileType = sourcecode.swift; path = MarvelComicsUITests.swift; sourceTree = "<group>"; };
		B9FDE9F52835C4CE00767B66 /* MarvelComicsUITestsLaunchTests.swift */ = {isa = PBXFileReference; lastKnownFileType = sourcecode.swift; path = MarvelComicsUITestsLaunchTests.swift; sourceTree = "<group>"; };
		B9FDEA052835C51500767B66 /* HomeViewModel.swift */ = {isa = PBXFileReference; fileEncoding = 4; lastKnownFileType = sourcecode.swift; path = HomeViewModel.swift; sourceTree = "<group>"; };
		B9FDEA072835C51500767B66 /* HomeViewCoordinator.swift */ = {isa = PBXFileReference; fileEncoding = 4; lastKnownFileType = sourcecode.swift; path = HomeViewCoordinator.swift; sourceTree = "<group>"; };
		B9FDEA092835C51500767B66 /* HomeViewController.swift */ = {isa = PBXFileReference; fileEncoding = 4; lastKnownFileType = sourcecode.swift; path = HomeViewController.swift; sourceTree = "<group>"; };
		B9FDEA0E2835C51500767B66 /* HomeModel.swift */ = {isa = PBXFileReference; fileEncoding = 4; lastKnownFileType = sourcecode.swift; path = HomeModel.swift; sourceTree = "<group>"; };
		B9FDEA112835C51500767B66 /* Coordinator.swift */ = {isa = PBXFileReference; fileEncoding = 4; lastKnownFileType = sourcecode.swift; path = Coordinator.swift; sourceTree = "<group>"; };
		B9FDEA1C2835C69A00767B66 /* UIView+NibRepresentable.swift */ = {isa = PBXFileReference; fileEncoding = 4; lastKnownFileType = sourcecode.swift; path = "UIView+NibRepresentable.swift"; sourceTree = "<group>"; };
		B9FDEA1D2835C69A00767B66 /* UIView+NibView.swift */ = {isa = PBXFileReference; fileEncoding = 4; lastKnownFileType = sourcecode.swift; path = "UIView+NibView.swift"; sourceTree = "<group>"; };
		B9FDEA2C2836692600767B66 /* UICollectionView+Extension.swift */ = {isa = PBXFileReference; fileEncoding = 4; lastKnownFileType = sourcecode.swift; path = "UICollectionView+Extension.swift"; sourceTree = "<group>"; };
		B9FDEA30283669B700767B66 /* HeoresCollectionViewCell.swift */ = {isa = PBXFileReference; lastKnownFileType = sourcecode.swift; path = HeoresCollectionViewCell.swift; sourceTree = "<group>"; };
		B9FDEA31283669B700767B66 /* HeoresCollectionViewCell.xib */ = {isa = PBXFileReference; lastKnownFileType = file.xib; path = HeoresCollectionViewCell.xib; sourceTree = "<group>"; };
		B9FDEA362836A74400767B66 /* LoadingCollectionCell.xib */ = {isa = PBXFileReference; fileEncoding = 4; lastKnownFileType = file.xib; path = LoadingCollectionCell.xib; sourceTree = "<group>"; };
		B9FDEA372836A74400767B66 /* LoadingItem.swift */ = {isa = PBXFileReference; fileEncoding = 4; lastKnownFileType = sourcecode.swift; path = LoadingItem.swift; sourceTree = "<group>"; };
		B9FDEA382836A74400767B66 /* LoadingCollectionCell.swift */ = {isa = PBXFileReference; fileEncoding = 4; lastKnownFileType = sourcecode.swift; path = LoadingCollectionCell.swift; sourceTree = "<group>"; };
		B9FDEA392836A74400767B66 /* SectionLayoutProvider.swift */ = {isa = PBXFileReference; fileEncoding = 4; lastKnownFileType = sourcecode.swift; path = SectionLayoutProvider.swift; sourceTree = "<group>"; };
		B9FDEA3A2836A74400767B66 /* DiffableDatasource.swift */ = {isa = PBXFileReference; fileEncoding = 4; lastKnownFileType = sourcecode.swift; path = DiffableDatasource.swift; sourceTree = "<group>"; };
		B9FDEA402836A79A00767B66 /* HomeSection.swift */ = {isa = PBXFileReference; lastKnownFileType = sourcecode.swift; path = HomeSection.swift; sourceTree = "<group>"; };
		B9FDEA432836A86500767B66 /* SchedulerContext.swift */ = {isa = PBXFileReference; fileEncoding = 4; lastKnownFileType = sourcecode.swift; path = SchedulerContext.swift; sourceTree = "<group>"; };
		B9FDEA452836AAFB00767B66 /* extension.swift */ = {isa = PBXFileReference; fileEncoding = 4; lastKnownFileType = sourcecode.swift; path = extension.swift; sourceTree = "<group>"; };
/* End PBXFileReference section */

/* Begin PBXFrameworksBuildPhase section */
		B9FDE9CC2835C4CD00767B66 /* Frameworks */ = {
			isa = PBXFrameworksBuildPhase;
			buildActionMask = 2147483647;
			files = (
			);
			runOnlyForDeploymentPostprocessing = 0;
		};
		B9FDE9E22835C4CE00767B66 /* Frameworks */ = {
			isa = PBXFrameworksBuildPhase;
			buildActionMask = 2147483647;
			files = (
			);
			runOnlyForDeploymentPostprocessing = 0;
		};
		B9FDE9EC2835C4CE00767B66 /* Frameworks */ = {
			isa = PBXFrameworksBuildPhase;
			buildActionMask = 2147483647;
			files = (
			);
			runOnlyForDeploymentPostprocessing = 0;
		};
/* End PBXFrameworksBuildPhase section */

/* Begin PBXGroup section */
		B9E652FB2836C7BC00AD1819 /* Recovered References */ = {
			isa = PBXGroup;
			children = (
				B9FDEA452836AAFB00767B66 /* extension.swift */,
				B9FDEA1D2835C69A00767B66 /* UIView+NibView.swift */,
				B9FDEA1C2835C69A00767B66 /* UIView+NibRepresentable.swift */,
				B9FDEA2C2836692600767B66 /* UICollectionView+Extension.swift */,
				B9FDEA432836A86500767B66 /* SchedulerContext.swift */,
			);
			name = "Recovered References";
			sourceTree = "<group>";
		};
		B9E652FC2836C81100AD1819 /* Extenstion */ = {
			isa = PBXGroup;
			children = (
				B9E652FD2836C81100AD1819 /* UIKit */,
				B9E652FF2836C81100AD1819 /* UIView+NibView.swift */,
				B9E653002836C81100AD1819 /* extension.swift */,
				B9E653012836C81100AD1819 /* UITableView+Extension.swift */,
			);
			name = Extenstion;
			path = "../../../../Desktop/Video Streamer/Video Streamer/Shared/Extenstion";
			sourceTree = "<group>";
		};
		B9E652FD2836C81100AD1819 /* UIKit */ = {
			isa = PBXGroup;
			children = (
				B9E652FE2836C81100AD1819 /* UIView+NibRepresentable.swift */,
			);
			path = UIKit;
			sourceTree = "<group>";
		};
		B9E6530F2836C8B300AD1819 /* Util */ = {
			isa = PBXGroup;
			children = (
				B9E653102836C8B300AD1819 /* SchedulerContext.swift */,
			);
			name = Util;
			path = "../../../Desktop/Video Streamer/Video Streamer/Util";
			sourceTree = "<group>";
		};
		B9FDE9C62835C4CD00767B66 = {
			isa = PBXGroup;
			children = (
				B9FDE9D12835C4CD00767B66 /* MarvelComics */,
				B9FDE9E82835C4CE00767B66 /* MarvelComicsTests */,
				B9FDE9F22835C4CE00767B66 /* MarvelComicsUITests */,
				B9FDE9D02835C4CD00767B66 /* Products */,
				B9E652FB2836C7BC00AD1819 /* Recovered References */,
			);
			sourceTree = "<group>";
		};
		B9FDE9D02835C4CD00767B66 /* Products */ = {
			isa = PBXGroup;
			children = (
				B9FDE9CF2835C4CD00767B66 /* MarvelComics.app */,
				B9FDE9E52835C4CE00767B66 /* MarvelComicsTests.xctest */,
				B9FDE9EF2835C4CE00767B66 /* MarvelComicsUITests.xctest */,
			);
			name = Products;
			sourceTree = "<group>";
		};
		B9FDE9D12835C4CD00767B66 /* MarvelComics */ = {
			isa = PBXGroup;
			children = (
				B9FDE9D22835C4CD00767B66 /* AppDelegate.swift */,
				B9FDE9D42835C4CD00767B66 /* SceneDelegate.swift */,
				B9FDEA342836A74400767B66 /* DiffableDataSource */,
				B9FDEA2E2836699600767B66 /* Cells */,
				B9FDEA022835C51500767B66 /* Controllers */,
				B9FDEA0A2835C51500767B66 /* Models */,
				B9FDEA0F2835C51500767B66 /* Shared */,
				B9E6530F2836C8B300AD1819 /* Util */,
				B9FDE9D82835C4CD00767B66 /* Main.storyboard */,
				B9FDE9DB2835C4CE00767B66 /* Assets.xcassets */,
				B9FDE9DD2835C4CE00767B66 /* LaunchScreen.storyboard */,
				B9FDE9E02835C4CE00767B66 /* Info.plist */,
			);
			path = MarvelComics;
			sourceTree = "<group>";
		};
		B9FDE9E82835C4CE00767B66 /* MarvelComicsTests */ = {
			isa = PBXGroup;
			children = (
				B9FDE9E92835C4CE00767B66 /* MarvelComicsTests.swift */,
			);
			path = MarvelComicsTests;
			sourceTree = "<group>";
		};
		B9FDE9F22835C4CE00767B66 /* MarvelComicsUITests */ = {
			isa = PBXGroup;
			children = (
				B9FDE9F32835C4CE00767B66 /* MarvelComicsUITests.swift */,
				B9FDE9F52835C4CE00767B66 /* MarvelComicsUITestsLaunchTests.swift */,
			);
			path = MarvelComicsUITests;
			sourceTree = "<group>";
		};
		B9FDEA022835C51500767B66 /* Controllers */ = {
			isa = PBXGroup;
			children = (
				B9FDEA032835C51500767B66 /* Home */,
			);
			path = Controllers;
			sourceTree = "<group>";
		};
		B9FDEA032835C51500767B66 /* Home */ = {
			isa = PBXGroup;
			children = (
				B9FDEA042835C51500767B66 /* ViewModel */,
				B9FDEA062835C51500767B66 /* Coordinator */,
				B9FDEA082835C51500767B66 /* Controller */,
			);
			path = Home;
			sourceTree = "<group>";
		};
		B9FDEA042835C51500767B66 /* ViewModel */ = {
			isa = PBXGroup;
			children = (
				B9FDEA052835C51500767B66 /* HomeViewModel.swift */,
			);
			path = ViewModel;
			sourceTree = "<group>";
		};
		B9FDEA062835C51500767B66 /* Coordinator */ = {
			isa = PBXGroup;
			children = (
				B9FDEA072835C51500767B66 /* HomeViewCoordinator.swift */,
			);
			path = Coordinator;
			sourceTree = "<group>";
		};
		B9FDEA082835C51500767B66 /* Controller */ = {
			isa = PBXGroup;
			children = (
				B9FDEA092835C51500767B66 /* HomeViewController.swift */,
				B9FDEA402836A79A00767B66 /* HomeSection.swift */,
			);
			path = Controller;
			sourceTree = "<group>";
		};
		B9FDEA0A2835C51500767B66 /* Models */ = {
			isa = PBXGroup;
			children = (
				B9FDEA2B2836667400767B66 /* Home */,
			);
			path = Models;
			sourceTree = "<group>";
		};
		B9FDEA0F2835C51500767B66 /* Shared */ = {
			isa = PBXGroup;
			children = (
				B9E652FC2836C81100AD1819 /* Extenstion */,
				B9FDEA102835C51500767B66 /* Protocols */,
			);
			path = Shared;
			sourceTree = "<group>";
		};
		B9FDEA102835C51500767B66 /* Protocols */ = {
			isa = PBXGroup;
			children = (
				B9FDEA112835C51500767B66 /* Coordinator.swift */,
			);
			path = Protocols;
			sourceTree = "<group>";
		};
		B9FDEA2B2836667400767B66 /* Home */ = {
			isa = PBXGroup;
			children = (
				B9FDEA0E2835C51500767B66 /* HomeModel.swift */,
			);
			path = Home;
			sourceTree = "<group>";
		};
		B9FDEA2E2836699600767B66 /* Cells */ = {
			isa = PBXGroup;
			children = (
				B9FDEA2F2836699D00767B66 /* HeroesCell */,
			);
			path = Cells;
			sourceTree = "<group>";
		};
		B9FDEA2F2836699D00767B66 /* HeroesCell */ = {
			isa = PBXGroup;
			children = (
				B9FDEA30283669B700767B66 /* HeoresCollectionViewCell.swift */,
				B9FDEA31283669B700767B66 /* HeoresCollectionViewCell.xib */,
			);
			path = HeroesCell;
			sourceTree = "<group>";
		};
		B9FDEA342836A74400767B66 /* DiffableDataSource */ = {
			isa = PBXGroup;
			children = (
				B9FDEA352836A74400767B66 /* Loading */,
				B9FDEA392836A74400767B66 /* SectionLayoutProvider.swift */,
				B9FDEA3A2836A74400767B66 /* DiffableDatasource.swift */,
			);
			path = DiffableDataSource;
			sourceTree = "<group>";
		};
		B9FDEA352836A74400767B66 /* Loading */ = {
			isa = PBXGroup;
			children = (
				B9FDEA362836A74400767B66 /* LoadingCollectionCell.xib */,
				B9FDEA372836A74400767B66 /* LoadingItem.swift */,
				B9FDEA382836A74400767B66 /* LoadingCollectionCell.swift */,
			);
			path = Loading;
			sourceTree = "<group>";
		};
/* End PBXGroup section */

/* Begin PBXNativeTarget section */
		B9FDE9CE2835C4CD00767B66 /* MarvelComics */ = {
			isa = PBXNativeTarget;
			buildConfigurationList = B9FDE9F92835C4CE00767B66 /* Build configuration list for PBXNativeTarget "MarvelComics" */;
			buildPhases = (
				B9FDE9CB2835C4CD00767B66 /* Sources */,
				B9FDE9CC2835C4CD00767B66 /* Frameworks */,
				B9FDE9CD2835C4CD00767B66 /* Resources */,
			);
			buildRules = (
			);
			dependencies = (
			);
			name = MarvelComics;
			productName = MarvelComics;
			productReference = B9FDE9CF2835C4CD00767B66 /* MarvelComics.app */;
			productType = "com.apple.product-type.application";
		};
		B9FDE9E42835C4CE00767B66 /* MarvelComicsTests */ = {
			isa = PBXNativeTarget;
			buildConfigurationList = B9FDE9FC2835C4CE00767B66 /* Build configuration list for PBXNativeTarget "MarvelComicsTests" */;
			buildPhases = (
				B9FDE9E12835C4CE00767B66 /* Sources */,
				B9FDE9E22835C4CE00767B66 /* Frameworks */,
				B9FDE9E32835C4CE00767B66 /* Resources */,
			);
			buildRules = (
			);
			dependencies = (
				B9FDE9E72835C4CE00767B66 /* PBXTargetDependency */,
			);
			name = MarvelComicsTests;
			productName = MarvelComicsTests;
			productReference = B9FDE9E52835C4CE00767B66 /* MarvelComicsTests.xctest */;
			productType = "com.apple.product-type.bundle.unit-test";
		};
		B9FDE9EE2835C4CE00767B66 /* MarvelComicsUITests */ = {
			isa = PBXNativeTarget;
			buildConfigurationList = B9FDE9FF2835C4CE00767B66 /* Build configuration list for PBXNativeTarget "MarvelComicsUITests" */;
			buildPhases = (
				B9FDE9EB2835C4CE00767B66 /* Sources */,
				B9FDE9EC2835C4CE00767B66 /* Frameworks */,
				B9FDE9ED2835C4CE00767B66 /* Resources */,
			);
			buildRules = (
			);
			dependencies = (
				B9FDE9F12835C4CE00767B66 /* PBXTargetDependency */,
			);
			name = MarvelComicsUITests;
			productName = MarvelComicsUITests;
			productReference = B9FDE9EF2835C4CE00767B66 /* MarvelComicsUITests.xctest */;
			productType = "com.apple.product-type.bundle.ui-testing";
		};
/* End PBXNativeTarget section */

/* Begin PBXProject section */
		B9FDE9C72835C4CD00767B66 /* Project object */ = {
			isa = PBXProject;
			attributes = {
				BuildIndependentTargetsInParallel = 1;
				LastSwiftUpdateCheck = 1320;
				LastUpgradeCheck = 1320;
				TargetAttributes = {
					B9FDE9CE2835C4CD00767B66 = {
						CreatedOnToolsVersion = 13.2.1;
					};
					B9FDE9E42835C4CE00767B66 = {
						CreatedOnToolsVersion = 13.2.1;
						TestTargetID = B9FDE9CE2835C4CD00767B66;
					};
					B9FDE9EE2835C4CE00767B66 = {
						CreatedOnToolsVersion = 13.2.1;
						TestTargetID = B9FDE9CE2835C4CD00767B66;
					};
				};
			};
			buildConfigurationList = B9FDE9CA2835C4CD00767B66 /* Build configuration list for PBXProject "MarvelComics" */;
			compatibilityVersion = "Xcode 13.0";
			developmentRegion = en;
			hasScannedForEncodings = 0;
			knownRegions = (
				en,
				Base,
			);
			mainGroup = B9FDE9C62835C4CD00767B66;
			productRefGroup = B9FDE9D02835C4CD00767B66 /* Products */;
			projectDirPath = "";
			projectRoot = "";
			targets = (
				B9FDE9CE2835C4CD00767B66 /* MarvelComics */,
				B9FDE9E42835C4CE00767B66 /* MarvelComicsTests */,
				B9FDE9EE2835C4CE00767B66 /* MarvelComicsUITests */,
			);
		};
/* End PBXProject section */

/* Begin PBXResourcesBuildPhase section */
		B9FDE9CD2835C4CD00767B66 /* Resources */ = {
			isa = PBXResourcesBuildPhase;
			buildActionMask = 2147483647;
			files = (
				B9FDE9DF2835C4CE00767B66 /* LaunchScreen.storyboard in Resources */,
				B9FDE9DC2835C4CE00767B66 /* Assets.xcassets in Resources */,
				B9FDEA3B2836A74400767B66 /* LoadingCollectionCell.xib in Resources */,
				B9FDEA33283669B700767B66 /* HeoresCollectionViewCell.xib in Resources */,
				B9FDE9DA2835C4CD00767B66 /* Main.storyboard in Resources */,
			);
			runOnlyForDeploymentPostprocessing = 0;
		};
		B9FDE9E32835C4CE00767B66 /* Resources */ = {
			isa = PBXResourcesBuildPhase;
			buildActionMask = 2147483647;
			files = (
			);
			runOnlyForDeploymentPostprocessing = 0;
		};
		B9FDE9ED2835C4CE00767B66 /* Resources */ = {
			isa = PBXResourcesBuildPhase;
			buildActionMask = 2147483647;
			files = (
			);
			runOnlyForDeploymentPostprocessing = 0;
		};
/* End PBXResourcesBuildPhase section */

/* Begin PBXSourcesBuildPhase section */
		B9FDE9CB2835C4CD00767B66 /* Sources */ = {
			isa = PBXSourcesBuildPhase;
			buildActionMask = 2147483647;
			files = (
				B9FDEA132835C51500767B66 /* HomeViewCoordinator.swift in Sources */,
				B9FDEA32283669B700767B66 /* HeoresCollectionViewCell.swift in Sources */,
				B9FDE9D32835C4CD00767B66 /* AppDelegate.swift in Sources */,
				B9FDEA462836AAFB00767B66 /* extension.swift in Sources */,
				B9FDEA222835C69A00767B66 /* UIView+NibView.swift in Sources */,
				B9FDE9D52835C4CD00767B66 /* SceneDelegate.swift in Sources */,
				B9FDEA162835C51500767B66 /* HomeModel.swift in Sources */,
				B9FDEA212835C69A00767B66 /* UIView+NibRepresentable.swift in Sources */,
				B9FDEA122835C51500767B66 /* HomeViewModel.swift in Sources */,
				B9FDEA3F2836A74400767B66 /* DiffableDatasource.swift in Sources */,
				B9FDEA2D2836692600767B66 /* UICollectionView+Extension.swift in Sources */,
				B9E653052836C81100AD1819 /* UITableView+Extension.swift in Sources */,
				B9FDEA412836A79A00767B66 /* HomeSection.swift in Sources */,
				B9E653022836C81100AD1819 /* UIView+NibRepresentable.swift in Sources */,
				B9FDEA3C2836A74400767B66 /* LoadingItem.swift in Sources */,
				B9FDEA3D2836A74400767B66 /* LoadingCollectionCell.swift in Sources */,
				B9E653042836C81100AD1819 /* extension.swift in Sources */,
				B9E653032836C81100AD1819 /* UIView+NibView.swift in Sources */,
				B9FDEA142835C51500767B66 /* HomeViewController.swift in Sources */,
				B9FDEA442836A86500767B66 /* SchedulerContext.swift in Sources */,
				B9E653112836C8B300AD1819 /* SchedulerContext.swift in Sources */,
				B9FDEA3E2836A74400767B66 /* SectionLayoutProvider.swift in Sources */,
				B9FDEA172835C51500767B66 /* Coordinator.swift in Sources */,
			);
			runOnlyForDeploymentPostprocessing = 0;
		};
		B9FDE9E12835C4CE00767B66 /* Sources */ = {
			isa = PBXSourcesBuildPhase;
			buildActionMask = 2147483647;
			files = (
				B9FDE9EA2835C4CE00767B66 /* MarvelComicsTests.swift in Sources */,
			);
			runOnlyForDeploymentPostprocessing = 0;
		};
		B9FDE9EB2835C4CE00767B66 /* Sources */ = {
			isa = PBXSourcesBuildPhase;
			buildActionMask = 2147483647;
			files = (
				B9FDE9F42835C4CE00767B66 /* MarvelComicsUITests.swift in Sources */,
				B9FDE9F62835C4CE00767B66 /* MarvelComicsUITestsLaunchTests.swift in Sources */,
			);
			runOnlyForDeploymentPostprocessing = 0;
		};
/* End PBXSourcesBuildPhase section */

/* Begin PBXTargetDependency section */
		B9FDE9E72835C4CE00767B66 /* PBXTargetDependency */ = {
			isa = PBXTargetDependency;
			target = B9FDE9CE2835C4CD00767B66 /* MarvelComics */;
			targetProxy = B9FDE9E62835C4CE00767B66 /* PBXContainerItemProxy */;
		};
		B9FDE9F12835C4CE00767B66 /* PBXTargetDependency */ = {
			isa = PBXTargetDependency;
			target = B9FDE9CE2835C4CD00767B66 /* MarvelComics */;
			targetProxy = B9FDE9F02835C4CE00767B66 /* PBXContainerItemProxy */;
		};
/* End PBXTargetDependency section */

/* Begin PBXVariantGroup section */
		B9FDE9D82835C4CD00767B66 /* Main.storyboard */ = {
			isa = PBXVariantGroup;
			children = (
				B9FDE9D92835C4CD00767B66 /* Base */,
			);
			name = Main.storyboard;
			sourceTree = "<group>";
		};
		B9FDE9DD2835C4CE00767B66 /* LaunchScreen.storyboard */ = {
			isa = PBXVariantGroup;
			children = (
				B9FDE9DE2835C4CE00767B66 /* Base */,
			);
			name = LaunchScreen.storyboard;
			sourceTree = "<group>";
		};
/* End PBXVariantGroup section */

/* Begin XCBuildConfiguration section */
		B9FDE9F72835C4CE00767B66 /* Debug */ = {
			isa = XCBuildConfiguration;
			buildSettings = {
				ALWAYS_SEARCH_USER_PATHS = NO;
				CLANG_ANALYZER_NONNULL = YES;
				CLANG_ANALYZER_NUMBER_OBJECT_CONVERSION = YES_AGGRESSIVE;
				CLANG_CXX_LANGUAGE_STANDARD = "gnu++17";
				CLANG_CXX_LIBRARY = "libc++";
				CLANG_ENABLE_MODULES = YES;
				CLANG_ENABLE_OBJC_ARC = YES;
				CLANG_ENABLE_OBJC_WEAK = YES;
				CLANG_WARN_BLOCK_CAPTURE_AUTORELEASING = YES;
				CLANG_WARN_BOOL_CONVERSION = YES;
				CLANG_WARN_COMMA = YES;
				CLANG_WARN_CONSTANT_CONVERSION = YES;
				CLANG_WARN_DEPRECATED_OBJC_IMPLEMENTATIONS = YES;
				CLANG_WARN_DIRECT_OBJC_ISA_USAGE = YES_ERROR;
				CLANG_WARN_DOCUMENTATION_COMMENTS = YES;
				CLANG_WARN_EMPTY_BODY = YES;
				CLANG_WARN_ENUM_CONVERSION = YES;
				CLANG_WARN_INFINITE_RECURSION = YES;
				CLANG_WARN_INT_CONVERSION = YES;
				CLANG_WARN_NON_LITERAL_NULL_CONVERSION = YES;
				CLANG_WARN_OBJC_IMPLICIT_RETAIN_SELF = YES;
				CLANG_WARN_OBJC_LITERAL_CONVERSION = YES;
				CLANG_WARN_OBJC_ROOT_CLASS = YES_ERROR;
				CLANG_WARN_QUOTED_INCLUDE_IN_FRAMEWORK_HEADER = YES;
				CLANG_WARN_RANGE_LOOP_ANALYSIS = YES;
				CLANG_WARN_STRICT_PROTOTYPES = YES;
				CLANG_WARN_SUSPICIOUS_MOVE = YES;
				CLANG_WARN_UNGUARDED_AVAILABILITY = YES_AGGRESSIVE;
				CLANG_WARN_UNREACHABLE_CODE = YES;
				CLANG_WARN__DUPLICATE_METHOD_MATCH = YES;
				COPY_PHASE_STRIP = NO;
				DEBUG_INFORMATION_FORMAT = dwarf;
				ENABLE_STRICT_OBJC_MSGSEND = YES;
				ENABLE_TESTABILITY = YES;
				GCC_C_LANGUAGE_STANDARD = gnu11;
				GCC_DYNAMIC_NO_PIC = NO;
				GCC_NO_COMMON_BLOCKS = YES;
				GCC_OPTIMIZATION_LEVEL = 0;
				GCC_PREPROCESSOR_DEFINITIONS = (
					"DEBUG=1",
					"$(inherited)",
				);
				GCC_WARN_64_TO_32_BIT_CONVERSION = YES;
				GCC_WARN_ABOUT_RETURN_TYPE = YES_ERROR;
				GCC_WARN_UNDECLARED_SELECTOR = YES;
				GCC_WARN_UNINITIALIZED_AUTOS = YES_AGGRESSIVE;
				GCC_WARN_UNUSED_FUNCTION = YES;
				GCC_WARN_UNUSED_VARIABLE = YES;
				IPHONEOS_DEPLOYMENT_TARGET = 15.2;
				MTL_ENABLE_DEBUG_INFO = INCLUDE_SOURCE;
				MTL_FAST_MATH = YES;
				ONLY_ACTIVE_ARCH = YES;
				SDKROOT = iphoneos;
				SWIFT_ACTIVE_COMPILATION_CONDITIONS = DEBUG;
				SWIFT_OPTIMIZATION_LEVEL = "-Onone";
			};
			name = Debug;
		};
		B9FDE9F82835C4CE00767B66 /* Release */ = {
			isa = XCBuildConfiguration;
			buildSettings = {
				ALWAYS_SEARCH_USER_PATHS = NO;
				CLANG_ANALYZER_NONNULL = YES;
				CLANG_ANALYZER_NUMBER_OBJECT_CONVERSION = YES_AGGRESSIVE;
				CLANG_CXX_LANGUAGE_STANDARD = "gnu++17";
				CLANG_CXX_LIBRARY = "libc++";
				CLANG_ENABLE_MODULES = YES;
				CLANG_ENABLE_OBJC_ARC = YES;
				CLANG_ENABLE_OBJC_WEAK = YES;
				CLANG_WARN_BLOCK_CAPTURE_AUTORELEASING = YES;
				CLANG_WARN_BOOL_CONVERSION = YES;
				CLANG_WARN_COMMA = YES;
				CLANG_WARN_CONSTANT_CONVERSION = YES;
				CLANG_WARN_DEPRECATED_OBJC_IMPLEMENTATIONS = YES;
				CLANG_WARN_DIRECT_OBJC_ISA_USAGE = YES_ERROR;
				CLANG_WARN_DOCUMENTATION_COMMENTS = YES;
				CLANG_WARN_EMPTY_BODY = YES;
				CLANG_WARN_ENUM_CONVERSION = YES;
				CLANG_WARN_INFINITE_RECURSION = YES;
				CLANG_WARN_INT_CONVERSION = YES;
				CLANG_WARN_NON_LITERAL_NULL_CONVERSION = YES;
				CLANG_WARN_OBJC_IMPLICIT_RETAIN_SELF = YES;
				CLANG_WARN_OBJC_LITERAL_CONVERSION = YES;
				CLANG_WARN_OBJC_ROOT_CLASS = YES_ERROR;
				CLANG_WARN_QUOTED_INCLUDE_IN_FRAMEWORK_HEADER = YES;
				CLANG_WARN_RANGE_LOOP_ANALYSIS = YES;
				CLANG_WARN_STRICT_PROTOTYPES = YES;
				CLANG_WARN_SUSPICIOUS_MOVE = YES;
				CLANG_WARN_UNGUARDED_AVAILABILITY = YES_AGGRESSIVE;
				CLANG_WARN_UNREACHABLE_CODE = YES;
				CLANG_WARN__DUPLICATE_METHOD_MATCH = YES;
				COPY_PHASE_STRIP = NO;
				DEBUG_INFORMATION_FORMAT = "dwarf-with-dsym";
				ENABLE_NS_ASSERTIONS = NO;
				ENABLE_STRICT_OBJC_MSGSEND = YES;
				GCC_C_LANGUAGE_STANDARD = gnu11;
				GCC_NO_COMMON_BLOCKS = YES;
				GCC_WARN_64_TO_32_BIT_CONVERSION = YES;
				GCC_WARN_ABOUT_RETURN_TYPE = YES_ERROR;
				GCC_WARN_UNDECLARED_SELECTOR = YES;
				GCC_WARN_UNINITIALIZED_AUTOS = YES_AGGRESSIVE;
				GCC_WARN_UNUSED_FUNCTION = YES;
				GCC_WARN_UNUSED_VARIABLE = YES;
				IPHONEOS_DEPLOYMENT_TARGET = 15.2;
				MTL_ENABLE_DEBUG_INFO = NO;
				MTL_FAST_MATH = YES;
				SDKROOT = iphoneos;
				SWIFT_COMPILATION_MODE = wholemodule;
				SWIFT_OPTIMIZATION_LEVEL = "-O";
				VALIDATE_PRODUCT = YES;
			};
			name = Release;
		};
		B9FDE9FA2835C4CE00767B66 /* Debug */ = {
			isa = XCBuildConfiguration;
			buildSettings = {
				ASSETCATALOG_COMPILER_APPICON_NAME = AppIcon;
				ASSETCATALOG_COMPILER_GLOBAL_ACCENT_COLOR_NAME = AccentColor;
				CODE_SIGN_STYLE = Automatic;
				CURRENT_PROJECT_VERSION = 1;
				GENERATE_INFOPLIST_FILE = YES;
				INFOPLIST_FILE = MarvelComics/Info.plist;
				INFOPLIST_KEY_UIApplicationSupportsIndirectInputEvents = YES;
				INFOPLIST_KEY_UILaunchStoryboardName = LaunchScreen;
				INFOPLIST_KEY_UIMainStoryboardFile = Main;
				INFOPLIST_KEY_UISupportedInterfaceOrientations_iPad = "UIInterfaceOrientationPortrait UIInterfaceOrientationPortraitUpsideDown UIInterfaceOrientationLandscapeLeft UIInterfaceOrientationLandscapeRight";
				INFOPLIST_KEY_UISupportedInterfaceOrientations_iPhone = "UIInterfaceOrientationPortrait UIInterfaceOrientationLandscapeLeft UIInterfaceOrientationLandscapeRight";
				LD_RUNPATH_SEARCH_PATHS = (
					"$(inherited)",
					"@executable_path/Frameworks",
				);
				MARKETING_VERSION = 1.0;
				PRODUCT_BUNDLE_IDENTIFIER = UITestSampleIdentifier.MarvelComics;
				PRODUCT_NAME = "$(TARGET_NAME)";
				SWIFT_EMIT_LOC_STRINGS = YES;
				SWIFT_VERSION = 5.0;
				TARGETED_DEVICE_FAMILY = "1,2";
			};
			name = Debug;
		};
		B9FDE9FB2835C4CE00767B66 /* Release */ = {
			isa = XCBuildConfiguration;
			buildSettings = {
				ASSETCATALOG_COMPILER_APPICON_NAME = AppIcon;
				ASSETCATALOG_COMPILER_GLOBAL_ACCENT_COLOR_NAME = AccentColor;
				CODE_SIGN_STYLE = Automatic;
				CURRENT_PROJECT_VERSION = 1;
				GENERATE_INFOPLIST_FILE = YES;
				INFOPLIST_FILE = MarvelComics/Info.plist;
				INFOPLIST_KEY_UIApplicationSupportsIndirectInputEvents = YES;
				INFOPLIST_KEY_UILaunchStoryboardName = LaunchScreen;
				INFOPLIST_KEY_UIMainStoryboardFile = Main;
				INFOPLIST_KEY_UISupportedInterfaceOrientations_iPad = "UIInterfaceOrientationPortrait UIInterfaceOrientationPortraitUpsideDown UIInterfaceOrientationLandscapeLeft UIInterfaceOrientationLandscapeRight";
				INFOPLIST_KEY_UISupportedInterfaceOrientations_iPhone = "UIInterfaceOrientationPortrait UIInterfaceOrientationLandscapeLeft UIInterfaceOrientationLandscapeRight";
				LD_RUNPATH_SEARCH_PATHS = (
					"$(inherited)",
					"@executable_path/Frameworks",
				);
				MARKETING_VERSION = 1.0;
				PRODUCT_BUNDLE_IDENTIFIER = UITestSampleIdentifier.MarvelComics;
				PRODUCT_NAME = "$(TARGET_NAME)";
				SWIFT_EMIT_LOC_STRINGS = YES;
				SWIFT_VERSION = 5.0;
				TARGETED_DEVICE_FAMILY = "1,2";
			};
			name = Release;
		};
		B9FDE9FD2835C4CE00767B66 /* Debug */ = {
			isa = XCBuildConfiguration;
			buildSettings = {
				ALWAYS_EMBED_SWIFT_STANDARD_LIBRARIES = YES;
				BUNDLE_LOADER = "$(TEST_HOST)";
				CODE_SIGN_STYLE = Automatic;
				CURRENT_PROJECT_VERSION = 1;
				GENERATE_INFOPLIST_FILE = YES;
				IPHONEOS_DEPLOYMENT_TARGET = 15.2;
				MARKETING_VERSION = 1.0;
				PRODUCT_BUNDLE_IDENTIFIER = UITestSampleIdentifier.MarvelComicsTests;
				PRODUCT_NAME = "$(TARGET_NAME)";
				SWIFT_EMIT_LOC_STRINGS = NO;
				SWIFT_VERSION = 5.0;
				TARGETED_DEVICE_FAMILY = "1,2";
				TEST_HOST = "$(BUILT_PRODUCTS_DIR)/MarvelComics.app/MarvelComics";
			};
			name = Debug;
		};
		B9FDE9FE2835C4CE00767B66 /* Release */ = {
			isa = XCBuildConfiguration;
			buildSettings = {
				ALWAYS_EMBED_SWIFT_STANDARD_LIBRARIES = YES;
				BUNDLE_LOADER = "$(TEST_HOST)";
				CODE_SIGN_STYLE = Automatic;
				CURRENT_PROJECT_VERSION = 1;
				GENERATE_INFOPLIST_FILE = YES;
				IPHONEOS_DEPLOYMENT_TARGET = 15.2;
				MARKETING_VERSION = 1.0;
				PRODUCT_BUNDLE_IDENTIFIER = UITestSampleIdentifier.MarvelComicsTests;
				PRODUCT_NAME = "$(TARGET_NAME)";
				SWIFT_EMIT_LOC_STRINGS = NO;
				SWIFT_VERSION = 5.0;
				TARGETED_DEVICE_FAMILY = "1,2";
				TEST_HOST = "$(BUILT_PRODUCTS_DIR)/MarvelComics.app/MarvelComics";
			};
			name = Release;
		};
		B9FDEA002835C4CE00767B66 /* Debug */ = {
			isa = XCBuildConfiguration;
			buildSettings = {
				ALWAYS_EMBED_SWIFT_STANDARD_LIBRARIES = YES;
				CODE_SIGN_STYLE = Automatic;
				CURRENT_PROJECT_VERSION = 1;
				GENERATE_INFOPLIST_FILE = YES;
				MARKETING_VERSION = 1.0;
				PRODUCT_BUNDLE_IDENTIFIER = UITestSampleIdentifier.MarvelComicsUITests;
				PRODUCT_NAME = "$(TARGET_NAME)";
				SWIFT_EMIT_LOC_STRINGS = NO;
				SWIFT_VERSION = 5.0;
				TARGETED_DEVICE_FAMILY = "1,2";
				TEST_TARGET_NAME = MarvelComics;
			};
			name = Debug;
		};
		B9FDEA012835C4CE00767B66 /* Release */ = {
			isa = XCBuildConfiguration;
			buildSettings = {
				ALWAYS_EMBED_SWIFT_STANDARD_LIBRARIES = YES;
				CODE_SIGN_STYLE = Automatic;
				CURRENT_PROJECT_VERSION = 1;
				GENERATE_INFOPLIST_FILE = YES;
				MARKETING_VERSION = 1.0;
				PRODUCT_BUNDLE_IDENTIFIER = UITestSampleIdentifier.MarvelComicsUITests;
				PRODUCT_NAME = "$(TARGET_NAME)";
				SWIFT_EMIT_LOC_STRINGS = NO;
				SWIFT_VERSION = 5.0;
				TARGETED_DEVICE_FAMILY = "1,2";
				TEST_TARGET_NAME = MarvelComics;
			};
			name = Release;
		};
/* End XCBuildConfiguration section */

/* Begin XCConfigurationList section */
		B9FDE9CA2835C4CD00767B66 /* Build configuration list for PBXProject "MarvelComics" */ = {
			isa = XCConfigurationList;
			buildConfigurations = (
				B9FDE9F72835C4CE00767B66 /* Debug */,
				B9FDE9F82835C4CE00767B66 /* Release */,
			);
			defaultConfigurationIsVisible = 0;
			defaultConfigurationName = Release;
		};
		B9FDE9F92835C4CE00767B66 /* Build configuration list for PBXNativeTarget "MarvelComics" */ = {
			isa = XCConfigurationList;
			buildConfigurations = (
				B9FDE9FA2835C4CE00767B66 /* Debug */,
				B9FDE9FB2835C4CE00767B66 /* Release */,
			);
			defaultConfigurationIsVisible = 0;
			defaultConfigurationName = Release;
		};
		B9FDE9FC2835C4CE00767B66 /* Build configuration list for PBXNativeTarget "MarvelComicsTests" */ = {
			isa = XCConfigurationList;
			buildConfigurations = (
				B9FDE9FD2835C4CE00767B66 /* Debug */,
				B9FDE9FE2835C4CE00767B66 /* Release */,
			);
			defaultConfigurationIsVisible = 0;
			defaultConfigurationName = Release;
		};
		B9FDE9FF2835C4CE00767B66 /* Build configuration list for PBXNativeTarget "MarvelComicsUITests" */ = {
			isa = XCConfigurationList;
			buildConfigurations = (
				B9FDEA002835C4CE00767B66 /* Debug */,
				B9FDEA012835C4CE00767B66 /* Release */,
			);
			defaultConfigurationIsVisible = 0;
			defaultConfigurationName = Release;
		};
/* End XCConfigurationList section */
	};
	rootObject = B9FDE9C72835C4CD00767B66 /* Project object */;
}
